
Microsoft Visual Studio Solution File, Format Version 12.00
# Visual Studio Version 16
VisualStudioVersion = 16.0.32413.511
MinimumVisualStudioVersion = 10.0.40219.1
Project("{2150E333-8FDC-42A3-9474-1A3956D46DE8}") = "Solution Items", "Solution Items", "{A059686A-E96A-48C9-A96A-D6E46CE7FC36}"
	ProjectSection(SolutionItems) = preProject
		.editorconfig = .editorconfig
		Design Pattern.jpg = Design Pattern.jpg
		DesignPatterns.Summary.txt = DesignPatterns.Summary.txt
		LegendaDesignPatterns.jpeg = LegendaDesignPatterns.jpeg
		Terminology.png = Terminology.png
	EndProjectSection
EndProject
Project("{9A19103F-16F7-4668-BE54-9A1E7A4F7556}") = "01.Creational.Builder", "01.CREATIONAL\01.Creational.Builder\01.Creational.Builder.csproj", "{C18C42AE-0EF7-4F20-9EB9-88A2CC91DC37}"
EndProject
Project("{2150E333-8FDC-42A3-9474-1A3956D46DE8}") = "01.CREATIONAL", "01.CREATIONAL", "{69C0C3EB-7ABB-481E-B23F-2A145B0BDDDB}"
	ProjectSection(SolutionItems) = preProject
		01.CREATIONAL\Creational.Summary.txt = 01.CREATIONAL\Creational.Summary.txt
		01.CREATIONAL\LegendaCreationalsPatterns.jpeg = 01.CREATIONAL\LegendaCreationalsPatterns.jpeg
	EndProjectSection
EndProject
Project("{9A19103F-16F7-4668-BE54-9A1E7A4F7556}") = "02.Creational Factories", "01.CREATIONAL\02.Creational Factories\02.Creational Factories.csproj", "{6239880C-5B1E-47CC-9B65-B163626AC0B3}"
EndProject
Project("{9A19103F-16F7-4668-BE54-9A1E7A4F7556}") = "03.Creational.Prototype", "01.CREATIONAL\03.Creational.Prototype\03.Creational.Prototype.csproj", "{B4D22DCD-FB2C-4CFD-9D99-BFF79AFF4524}"
EndProject
Project("{9A19103F-16F7-4668-BE54-9A1E7A4F7556}") = "04.Creational.Singleton", "01.CREATIONAL\04.Creational.Singleton\04.Creational.Singleton.csproj", "{2938E543-8413-4AD8-9A64-05E65C6FBDCE}"
EndProject
Project("{2150E333-8FDC-42A3-9474-1A3956D46DE8}") = "02.STRUCTURAL", "02.STRUCTURAL", "{2CF8A30A-A690-4D7A-85A4-0B65C013D309}"
	ProjectSection(SolutionItems) = preProject
		02.STRUCTURAL\LegendaStructuralDesignPatterns.jpeg = 02.STRUCTURAL\LegendaStructuralDesignPatterns.jpeg
		02.STRUCTURAL\Structural.Summary.txt = 02.STRUCTURAL\Structural.Summary.txt
	EndProjectSection
EndProject
Project("{9A19103F-16F7-4668-BE54-9A1E7A4F7556}") = "01.Structural.Adapter", "02.STRUCTURAL\01.Structural.Adapter\01.Structural.Adapter.csproj", "{6C7CF3DC-0AB9-4EBA-8B0F-7D6A060D1008}"
EndProject
Project("{9A19103F-16F7-4668-BE54-9A1E7A4F7556}") = "02.Structural.Bridge", "02.STRUCTURAL\02.Structural.Bridge\02.Structural.Bridge.csproj", "{D90D7F3E-729A-402F-968D-A25F51BFBE5B}"
EndProject
Project("{9A19103F-16F7-4668-BE54-9A1E7A4F7556}") = "03.Structural.Composite", "02.STRUCTURAL\03.Structural.Composite\03.Structural.Composite.csproj", "{392AE5C5-6A0B-4CC0-9C80-4FEDDB893AC3}"
EndProject
Project("{9A19103F-16F7-4668-BE54-9A1E7A4F7556}") = "04.Structural.Decorator", "02.STRUCTURAL\04.Structural.Decorator\04.Structural.Decorator.csproj", "{99BD9DB8-0D8A-4B50-916B-BB6F23539988}"
EndProject
Project("{9A19103F-16F7-4668-BE54-9A1E7A4F7556}") = "05.Structural.Facade", "02.STRUCTURAL\05.Structural.Facade\05.Structural.Facade.csproj", "{28A3AAA0-9715-4E24-AC2C-93F192E7D81B}"
EndProject
Project("{9A19103F-16F7-4668-BE54-9A1E7A4F7556}") = "06.Structural.Flyweight", "02.STRUCTURAL\06.Structural.Flyweight\06.Structural.Flyweight.csproj", "{0E90CFEA-7E73-4B57-9218-A43FC4D7B646}"
EndProject
Project("{9A19103F-16F7-4668-BE54-9A1E7A4F7556}") = "07.Structural.Proxy", "02.STRUCTURAL\07.Structural.Proxy\07.Structural.Proxy.csproj", "{417377ED-127A-4DF2-A3E0-235B8F448439}"
EndProject
Project("{2150E333-8FDC-42A3-9474-1A3956D46DE8}") = "03.BEHAVIORAL", "03.BEHAVIORAL", "{DC620166-8934-44FD-8BA8-CD0BF92EE7ED}"
	ProjectSection(SolutionItems) = preProject
		03.BEHAVIORAL\Behaviorl.Summary.txt = 03.BEHAVIORAL\Behaviorl.Summary.txt
		03.BEHAVIORAL\LegendaBehavioralDesignPatterns.jpeg = 03.BEHAVIORAL\LegendaBehavioralDesignPatterns.jpeg
	EndProjectSection
EndProject
Project("{9A19103F-16F7-4668-BE54-9A1E7A4F7556}") = "01.Behavior.ChainOfResponsability", "03.BEHAVIORAL\01.Behavior.ChainOfResponsability\01.Behavior.ChainOfResponsability.csproj", "{E1EB328A-393A-4AF5-91C3-2955F58B58AA}"
EndProject
Project("{9A19103F-16F7-4668-BE54-9A1E7A4F7556}") = "02.Behavior.Command", "03.BEHAVIORAL\02.Behavior.Command\02.Behavior.Command.csproj", "{3C10E4EB-8B33-4E7D-A35F-0A2C89CC05F2}"
EndProject
Project("{9A19103F-16F7-4668-BE54-9A1E7A4F7556}") = "03.Behavior.Interpreter", "03.BEHAVIORAL\03.Behavior.Interpreter\03.Behavior.Interpreter.csproj", "{244F188E-6DE6-427E-B55D-EF7BE500F896}"
EndProject
Project("{9A19103F-16F7-4668-BE54-9A1E7A4F7556}") = "04.Behavior.Iterator", "03.BEHAVIORAL\04.Behavior.Iterator\04.Behavior.Iterator.csproj", "{29DCE742-4E6C-408D-A884-650D497AD09E}"
EndProject
Project("{9A19103F-16F7-4668-BE54-9A1E7A4F7556}") = "05.Behavior.Mediator", "03.BEHAVIORAL\05.Behavior.Mediator\05.Behavior.Mediator.csproj", "{0D813DF0-02F5-451C-82C9-42DE458D1606}"
EndProject
Project("{9A19103F-16F7-4668-BE54-9A1E7A4F7556}") = "06.Behavior.Memento", "03.BEHAVIORAL\06.Behavior.Memento\06.Behavior.Memento.csproj", "{FC22A960-3ECF-4AFE-9821-23AB5BB6DDCB}"
EndProject
Project("{9A19103F-16F7-4668-BE54-9A1E7A4F7556}") = "07.Behavior.NullObject", "03.BEHAVIORAL\07.Behavioral.NullObject\07.Behavior.NullObject.csproj", "{F2734E5D-80FF-4358-A42D-733913C06ED6}"
EndProject
Project("{9A19103F-16F7-4668-BE54-9A1E7A4F7556}") = "08.Behavior.Observable", "03.BEHAVIORAL\08.Behavior.Observable\08.Behavior.Observable.csproj", "{7FF67CB9-4AF3-404E-B7F7-6ABA54A3ED93}"
EndProject
Project("{9A19103F-16F7-4668-BE54-9A1E7A4F7556}") = "09.Behavior.State", "03.BEHAVIORAL\09.Behavior.State\09.Behavior.State.csproj", "{7E46A8F6-CD48-40BC-9415-9535B1D3FA5D}"
EndProject
Project("{9A19103F-16F7-4668-BE54-9A1E7A4F7556}") = "10.Behavior.Strategy", "03.BEHAVIORAL\10.Behavior.Strategy\10.Behavior.Strategy.csproj", "{4C107C2D-24F8-4D58-946C-EA6FCBD0364C}"
EndProject
Project("{9A19103F-16F7-4668-BE54-9A1E7A4F7556}") = "11.Behavior.Template", "03.BEHAVIORAL\11.Behavior.Template\11.Behavior.Template.csproj", "{48141CC7-4DA3-4B12-A820-0D988031FDEC}"
EndProject
Project("{9A19103F-16F7-4668-BE54-9A1E7A4F7556}") = "12.Behavior.Visitor", "03.BEHAVIORAL\12.Behavior.Visitor\12.Behavior.Visitor.csproj", "{799172C3-A492-4A35-9D8D-27C0D1D3CC2D}"
EndProject
Project("{2150E333-8FDC-42A3-9474-1A3956D46DE8}") = "Principi S.O.L.I.D.", "Principi S.O.L.I.D.", "{271DE560-6607-464F-B0BB-470E49EADB78}"
	ProjectSection(SolutionItems) = preProject
		S.O.L.I.D\Definition SOLID.txt = S.O.L.I.D\Definition SOLID.txt
		S.O.L.I.D\SOLID.bmp = S.O.L.I.D\SOLID.bmp
		S.O.L.I.D\SOLID.png = S.O.L.I.D\SOLID.png
	EndProjectSection
EndProject
Project("{9A19103F-16F7-4668-BE54-9A1E7A4F7556}") = "01.Single Responsability Principle", "S.O.L.I.D\01.S.Single Responsability Principle\01.Single Responsability Principle.csproj", "{68919BEB-CCE9-4D2C-8CBD-4F11CFCDF417}"
EndProject
Project("{9A19103F-16F7-4668-BE54-9A1E7A4F7556}") = "02.Open-Close Principle", "S.O.L.I.D\02.O.Open-Close Principle\02.Open-Close Principle.csproj", "{BA7B53ED-C9EA-49FA-B348-C48204A0103E}"
EndProject
Project("{9A19103F-16F7-4668-BE54-9A1E7A4F7556}") = "03.Liskow Substition Principle", "S.O.L.I.D\03.L.Liskow Substition Principle\03.Liskow Substition Principle.csproj", "{8FB3214F-3E61-4816-A572-B26E1B198933}"
EndProject
Project("{9A19103F-16F7-4668-BE54-9A1E7A4F7556}") = "04.Interface Segregation Principle", "S.O.L.I.D\04.I.Interface Segregation Principles\04.Interface Segregation Principle.csproj", "{EBFE3A10-FB59-4863-9B24-C42C940AD0D2}"
EndProject
Project("{9A19103F-16F7-4668-BE54-9A1E7A4F7556}") = "05.Dependency Inversion Principle", "S.O.L.I.D\05.D.Dependency Inversion Principles\05.Dependency Inversion Principle.csproj", "{5B0EF147-0EDE-4590-A813-74A6A4EFAFAB}"
EndProject
Project("{2150E333-8FDC-42A3-9474-1A3956D46DE8}") = "04.CONCURRENCY", "04.CONCURRENCY", "{F15D868F-8E87-4C7E-BB83-FDD8401470BD}"
	ProjectSection(SolutionItems) = preProject
		Concurrency.Summary.txt = Concurrency.Summary.txt
		04.CONCURRENCY\LegendaConcurrencyDesignPatterns.jpeg = 04.CONCURRENCY\LegendaConcurrencyDesignPatterns.jpeg
	EndProjectSection
EndProject
Project("{9A19103F-16F7-4668-BE54-9A1E7A4F7556}") = "01.Concurrency.DoubleCheckedLocking", "04.CONCURRENCY\01.Concurrency.DoubleCheckedLocking\01.Concurrency.DoubleCheckedLocking.csproj", "{35E0797E-8036-4C52-8768-40EFF4BEAB21}"
EndProject
Project("{9A19103F-16F7-4668-BE54-9A1E7A4F7556}") = "02.Concurrency.Event-BasedAsyncronous", "04.CONCURRENCY\02.Concurrency.EventAsyncronous\02.Concurrency.Event-BasedAsyncronous.csproj", "{AE3F15A3-2563-4D61-BF84-0C31628F5675}"
EndProject
Project("{9A19103F-16F7-4668-BE54-9A1E7A4F7556}") = "03.Concurrency.GuardedSuspension", "04.CONCURRENCY\03.Concurrency.GuardedSuspension\03.Concurrency.GuardedSuspension.csproj", "{E6214E82-DEFB-4514-A103-6C1913CAEF0B}"
EndProject
Project("{9A19103F-16F7-4668-BE54-9A1E7A4F7556}") = "04.Concurrency.Join", "04.CONCURRENCY\04.Concurrency.Join\04.Concurrency.Join.csproj", "{A5ACDF61-88E4-41AE-B472-2994628C3206}"
EndProject
Project("{9A19103F-16F7-4668-BE54-9A1E7A4F7556}") = "05.Concurrency.MessageDesignPattern", "04.CONCURRENCY\05.Concurrency.MessageDesignPattern\05.Concurrency.MessageDesignPattern.csproj", "{DE1B8C0C-0F87-40B7-AB1B-E7AB472120C3}"
EndProject
Project("{9A19103F-16F7-4668-BE54-9A1E7A4F7556}") = "06.Concurrency.Lock", "04.CONCURRENCY\06.Concurrency.Lock\06.Concurrency.Lock.csproj", "{7C14F9F4-3422-45F7-ADCC-93C704614D54}"
EndProject
Project("{9A19103F-16F7-4668-BE54-9A1E7A4F7556}") = "07.Concurrency.ActiveObject", "04.CONCURRENCY\07.Concurrency.ActiveObject\07.Concurrency.ActiveObject.csproj", "{77E2FBF1-6B3A-4D7F-BBE0-D70ED7D0CF3B}"
EndProject
Project("{9A19103F-16F7-4668-BE54-9A1E7A4F7556}") = "08.Concurrency.MonitorObject", "04.CONCURRENCY\08.Concurrency.MonitorObject\08.Concurrency.MonitorObject.csproj", "{8564CA1D-49B1-4C20-8A67-22CAB33AEA1C}"
EndProject
Project("{9A19103F-16F7-4668-BE54-9A1E7A4F7556}") = "08.Structural.MessagePattern", "02.STRUCTURAL\08.Structural.MessageBroker\08.Structural.MessagePattern.csproj", "{76BACAE5-5F5C-4692-8000-72FC8AB2A617}"
EndProject
Global
	GlobalSection(SolutionConfigurationPlatforms) = preSolution
		Debug|Any CPU = Debug|Any CPU
		Release|Any CPU = Release|Any CPU
	EndGlobalSection
	GlobalSection(ProjectConfigurationPlatforms) = postSolution
		{C18C42AE-0EF7-4F20-9EB9-88A2CC91DC37}.Debug|Any CPU.ActiveCfg = Debug|Any CPU
		{C18C42AE-0EF7-4F20-9EB9-88A2CC91DC37}.Debug|Any CPU.Build.0 = Debug|Any CPU
		{C18C42AE-0EF7-4F20-9EB9-88A2CC91DC37}.Release|Any CPU.ActiveCfg = Release|Any CPU
		{C18C42AE-0EF7-4F20-9EB9-88A2CC91DC37}.Release|Any CPU.Build.0 = Release|Any CPU
		{6239880C-5B1E-47CC-9B65-B163626AC0B3}.Debug|Any CPU.ActiveCfg = Debug|Any CPU
		{6239880C-5B1E-47CC-9B65-B163626AC0B3}.Debug|Any CPU.Build.0 = Debug|Any CPU
		{6239880C-5B1E-47CC-9B65-B163626AC0B3}.Release|Any CPU.ActiveCfg = Release|Any CPU
		{6239880C-5B1E-47CC-9B65-B163626AC0B3}.Release|Any CPU.Build.0 = Release|Any CPU
		{B4D22DCD-FB2C-4CFD-9D99-BFF79AFF4524}.Debug|Any CPU.ActiveCfg = Debug|Any CPU
		{B4D22DCD-FB2C-4CFD-9D99-BFF79AFF4524}.Debug|Any CPU.Build.0 = Debug|Any CPU
		{B4D22DCD-FB2C-4CFD-9D99-BFF79AFF4524}.Release|Any CPU.ActiveCfg = Release|Any CPU
		{B4D22DCD-FB2C-4CFD-9D99-BFF79AFF4524}.Release|Any CPU.Build.0 = Release|Any CPU
		{2938E543-8413-4AD8-9A64-05E65C6FBDCE}.Debug|Any CPU.ActiveCfg = Debug|Any CPU
		{2938E543-8413-4AD8-9A64-05E65C6FBDCE}.Debug|Any CPU.Build.0 = Debug|Any CPU
		{2938E543-8413-4AD8-9A64-05E65C6FBDCE}.Release|Any CPU.ActiveCfg = Release|Any CPU
		{2938E543-8413-4AD8-9A64-05E65C6FBDCE}.Release|Any CPU.Build.0 = Release|Any CPU
		{6C7CF3DC-0AB9-4EBA-8B0F-7D6A060D1008}.Debug|Any CPU.ActiveCfg = Debug|Any CPU
		{6C7CF3DC-0AB9-4EBA-8B0F-7D6A060D1008}.Debug|Any CPU.Build.0 = Debug|Any CPU
		{6C7CF3DC-0AB9-4EBA-8B0F-7D6A060D1008}.Release|Any CPU.ActiveCfg = Release|Any CPU
		{6C7CF3DC-0AB9-4EBA-8B0F-7D6A060D1008}.Release|Any CPU.Build.0 = Release|Any CPU
		{D90D7F3E-729A-402F-968D-A25F51BFBE5B}.Debug|Any CPU.ActiveCfg = Debug|Any CPU
		{D90D7F3E-729A-402F-968D-A25F51BFBE5B}.Debug|Any CPU.Build.0 = Debug|Any CPU
		{D90D7F3E-729A-402F-968D-A25F51BFBE5B}.Release|Any CPU.ActiveCfg = Release|Any CPU
		{D90D7F3E-729A-402F-968D-A25F51BFBE5B}.Release|Any CPU.Build.0 = Release|Any CPU
		{392AE5C5-6A0B-4CC0-9C80-4FEDDB893AC3}.Debug|Any CPU.ActiveCfg = Debug|Any CPU
		{392AE5C5-6A0B-4CC0-9C80-4FEDDB893AC3}.Debug|Any CPU.Build.0 = Debug|Any CPU
		{392AE5C5-6A0B-4CC0-9C80-4FEDDB893AC3}.Release|Any CPU.ActiveCfg = Release|Any CPU
		{392AE5C5-6A0B-4CC0-9C80-4FEDDB893AC3}.Release|Any CPU.Build.0 = Release|Any CPU
		{99BD9DB8-0D8A-4B50-916B-BB6F23539988}.Debug|Any CPU.ActiveCfg = Debug|Any CPU
		{99BD9DB8-0D8A-4B50-916B-BB6F23539988}.Debug|Any CPU.Build.0 = Debug|Any CPU
		{99BD9DB8-0D8A-4B50-916B-BB6F23539988}.Release|Any CPU.ActiveCfg = Release|Any CPU
		{99BD9DB8-0D8A-4B50-916B-BB6F23539988}.Release|Any CPU.Build.0 = Release|Any CPU
		{28A3AAA0-9715-4E24-AC2C-93F192E7D81B}.Debug|Any CPU.ActiveCfg = Debug|Any CPU
		{28A3AAA0-9715-4E24-AC2C-93F192E7D81B}.Debug|Any CPU.Build.0 = Debug|Any CPU
		{28A3AAA0-9715-4E24-AC2C-93F192E7D81B}.Release|Any CPU.ActiveCfg = Release|Any CPU
		{28A3AAA0-9715-4E24-AC2C-93F192E7D81B}.Release|Any CPU.Build.0 = Release|Any CPU
		{0E90CFEA-7E73-4B57-9218-A43FC4D7B646}.Debug|Any CPU.ActiveCfg = Debug|Any CPU
		{0E90CFEA-7E73-4B57-9218-A43FC4D7B646}.Debug|Any CPU.Build.0 = Debug|Any CPU
		{0E90CFEA-7E73-4B57-9218-A43FC4D7B646}.Release|Any CPU.ActiveCfg = Release|Any CPU
		{0E90CFEA-7E73-4B57-9218-A43FC4D7B646}.Release|Any CPU.Build.0 = Release|Any CPU
		{417377ED-127A-4DF2-A3E0-235B8F448439}.Debug|Any CPU.ActiveCfg = Debug|Any CPU
		{417377ED-127A-4DF2-A3E0-235B8F448439}.Debug|Any CPU.Build.0 = Debug|Any CPU
		{417377ED-127A-4DF2-A3E0-235B8F448439}.Release|Any CPU.ActiveCfg = Release|Any CPU
		{417377ED-127A-4DF2-A3E0-235B8F448439}.Release|Any CPU.Build.0 = Release|Any CPU
		{E1EB328A-393A-4AF5-91C3-2955F58B58AA}.Debug|Any CPU.ActiveCfg = Debug|Any CPU
		{E1EB328A-393A-4AF5-91C3-2955F58B58AA}.Debug|Any CPU.Build.0 = Debug|Any CPU
		{E1EB328A-393A-4AF5-91C3-2955F58B58AA}.Release|Any CPU.ActiveCfg = Release|Any CPU
		{E1EB328A-393A-4AF5-91C3-2955F58B58AA}.Release|Any CPU.Build.0 = Release|Any CPU
		{3C10E4EB-8B33-4E7D-A35F-0A2C89CC05F2}.Debug|Any CPU.ActiveCfg = Debug|Any CPU
		{3C10E4EB-8B33-4E7D-A35F-0A2C89CC05F2}.Debug|Any CPU.Build.0 = Debug|Any CPU
		{3C10E4EB-8B33-4E7D-A35F-0A2C89CC05F2}.Release|Any CPU.ActiveCfg = Release|Any CPU
		{3C10E4EB-8B33-4E7D-A35F-0A2C89CC05F2}.Release|Any CPU.Build.0 = Release|Any CPU
		{244F188E-6DE6-427E-B55D-EF7BE500F896}.Debug|Any CPU.ActiveCfg = Debug|Any CPU
		{244F188E-6DE6-427E-B55D-EF7BE500F896}.Debug|Any CPU.Build.0 = Debug|Any CPU
		{244F188E-6DE6-427E-B55D-EF7BE500F896}.Release|Any CPU.ActiveCfg = Release|Any CPU
		{244F188E-6DE6-427E-B55D-EF7BE500F896}.Release|Any CPU.Build.0 = Release|Any CPU
		{29DCE742-4E6C-408D-A884-650D497AD09E}.Debug|Any CPU.ActiveCfg = Debug|Any CPU
		{29DCE742-4E6C-408D-A884-650D497AD09E}.Debug|Any CPU.Build.0 = Debug|Any CPU
		{29DCE742-4E6C-408D-A884-650D497AD09E}.Release|Any CPU.ActiveCfg = Release|Any CPU
		{29DCE742-4E6C-408D-A884-650D497AD09E}.Release|Any CPU.Build.0 = Release|Any CPU
		{0D813DF0-02F5-451C-82C9-42DE458D1606}.Debug|Any CPU.ActiveCfg = Debug|Any CPU
		{0D813DF0-02F5-451C-82C9-42DE458D1606}.Debug|Any CPU.Build.0 = Debug|Any CPU
		{0D813DF0-02F5-451C-82C9-42DE458D1606}.Release|Any CPU.ActiveCfg = Release|Any CPU
		{0D813DF0-02F5-451C-82C9-42DE458D1606}.Release|Any CPU.Build.0 = Release|Any CPU
		{FC22A960-3ECF-4AFE-9821-23AB5BB6DDCB}.Debug|Any CPU.ActiveCfg = Debug|Any CPU
		{FC22A960-3ECF-4AFE-9821-23AB5BB6DDCB}.Debug|Any CPU.Build.0 = Debug|Any CPU
		{FC22A960-3ECF-4AFE-9821-23AB5BB6DDCB}.Release|Any CPU.ActiveCfg = Release|Any CPU
		{FC22A960-3ECF-4AFE-9821-23AB5BB6DDCB}.Release|Any CPU.Build.0 = Release|Any CPU
		{F2734E5D-80FF-4358-A42D-733913C06ED6}.Debug|Any CPU.ActiveCfg = Debug|Any CPU
		{F2734E5D-80FF-4358-A42D-733913C06ED6}.Debug|Any CPU.Build.0 = Debug|Any CPU
		{F2734E5D-80FF-4358-A42D-733913C06ED6}.Release|Any CPU.ActiveCfg = Release|Any CPU
		{F2734E5D-80FF-4358-A42D-733913C06ED6}.Release|Any CPU.Build.0 = Release|Any CPU
		{7FF67CB9-4AF3-404E-B7F7-6ABA54A3ED93}.Debug|Any CPU.ActiveCfg = Debug|Any CPU
		{7FF67CB9-4AF3-404E-B7F7-6ABA54A3ED93}.Debug|Any CPU.Build.0 = Debug|Any CPU
		{7FF67CB9-4AF3-404E-B7F7-6ABA54A3ED93}.Release|Any CPU.ActiveCfg = Release|Any CPU
		{7FF67CB9-4AF3-404E-B7F7-6ABA54A3ED93}.Release|Any CPU.Build.0 = Release|Any CPU
		{7E46A8F6-CD48-40BC-9415-9535B1D3FA5D}.Debug|Any CPU.ActiveCfg = Debug|Any CPU
		{7E46A8F6-CD48-40BC-9415-9535B1D3FA5D}.Debug|Any CPU.Build.0 = Debug|Any CPU
		{7E46A8F6-CD48-40BC-9415-9535B1D3FA5D}.Release|Any CPU.ActiveCfg = Release|Any CPU
		{7E46A8F6-CD48-40BC-9415-9535B1D3FA5D}.Release|Any CPU.Build.0 = Release|Any CPU
		{4C107C2D-24F8-4D58-946C-EA6FCBD0364C}.Debug|Any CPU.ActiveCfg = Debug|Any CPU
		{4C107C2D-24F8-4D58-946C-EA6FCBD0364C}.Debug|Any CPU.Build.0 = Debug|Any CPU
		{4C107C2D-24F8-4D58-946C-EA6FCBD0364C}.Release|Any CPU.ActiveCfg = Release|Any CPU
		{4C107C2D-24F8-4D58-946C-EA6FCBD0364C}.Release|Any CPU.Build.0 = Release|Any CPU
		{48141CC7-4DA3-4B12-A820-0D988031FDEC}.Debug|Any CPU.ActiveCfg = Debug|Any CPU
		{48141CC7-4DA3-4B12-A820-0D988031FDEC}.Debug|Any CPU.Build.0 = Debug|Any CPU
		{48141CC7-4DA3-4B12-A820-0D988031FDEC}.Release|Any CPU.ActiveCfg = Release|Any CPU
		{48141CC7-4DA3-4B12-A820-0D988031FDEC}.Release|Any CPU.Build.0 = Release|Any CPU
		{799172C3-A492-4A35-9D8D-27C0D1D3CC2D}.Debug|Any CPU.ActiveCfg = Debug|Any CPU
		{799172C3-A492-4A35-9D8D-27C0D1D3CC2D}.Debug|Any CPU.Build.0 = Debug|Any CPU
		{799172C3-A492-4A35-9D8D-27C0D1D3CC2D}.Release|Any CPU.ActiveCfg = Release|Any CPU
		{799172C3-A492-4A35-9D8D-27C0D1D3CC2D}.Release|Any CPU.Build.0 = Release|Any CPU
		{68919BEB-CCE9-4D2C-8CBD-4F11CFCDF417}.Debug|Any CPU.ActiveCfg = Debug|Any CPU
		{68919BEB-CCE9-4D2C-8CBD-4F11CFCDF417}.Debug|Any CPU.Build.0 = Debug|Any CPU
		{68919BEB-CCE9-4D2C-8CBD-4F11CFCDF417}.Release|Any CPU.ActiveCfg = Release|Any CPU
		{68919BEB-CCE9-4D2C-8CBD-4F11CFCDF417}.Release|Any CPU.Build.0 = Release|Any CPU
		{BA7B53ED-C9EA-49FA-B348-C48204A0103E}.Debug|Any CPU.ActiveCfg = Debug|Any CPU
		{BA7B53ED-C9EA-49FA-B348-C48204A0103E}.Debug|Any CPU.Build.0 = Debug|Any CPU
		{BA7B53ED-C9EA-49FA-B348-C48204A0103E}.Release|Any CPU.ActiveCfg = Release|Any CPU
		{BA7B53ED-C9EA-49FA-B348-C48204A0103E}.Release|Any CPU.Build.0 = Release|Any CPU
		{8FB3214F-3E61-4816-A572-B26E1B198933}.Debug|Any CPU.ActiveCfg = Debug|Any CPU
		{8FB3214F-3E61-4816-A572-B26E1B198933}.Debug|Any CPU.Build.0 = Debug|Any CPU
		{8FB3214F-3E61-4816-A572-B26E1B198933}.Release|Any CPU.ActiveCfg = Release|Any CPU
		{8FB3214F-3E61-4816-A572-B26E1B198933}.Release|Any CPU.Build.0 = Release|Any CPU
		{EBFE3A10-FB59-4863-9B24-C42C940AD0D2}.Debug|Any CPU.ActiveCfg = Debug|Any CPU
		{EBFE3A10-FB59-4863-9B24-C42C940AD0D2}.Debug|Any CPU.Build.0 = Debug|Any CPU
		{EBFE3A10-FB59-4863-9B24-C42C940AD0D2}.Release|Any CPU.ActiveCfg = Release|Any CPU
		{EBFE3A10-FB59-4863-9B24-C42C940AD0D2}.Release|Any CPU.Build.0 = Release|Any CPU
		{5B0EF147-0EDE-4590-A813-74A6A4EFAFAB}.Debug|Any CPU.ActiveCfg = Debug|Any CPU
		{5B0EF147-0EDE-4590-A813-74A6A4EFAFAB}.Debug|Any CPU.Build.0 = Debug|Any CPU
		{5B0EF147-0EDE-4590-A813-74A6A4EFAFAB}.Release|Any CPU.ActiveCfg = Release|Any CPU
		{5B0EF147-0EDE-4590-A813-74A6A4EFAFAB}.Release|Any CPU.Build.0 = Release|Any CPU
		{35E0797E-8036-4C52-8768-40EFF4BEAB21}.Debug|Any CPU.ActiveCfg = Debug|Any CPU
		{35E0797E-8036-4C52-8768-40EFF4BEAB21}.Debug|Any CPU.Build.0 = Debug|Any CPU
		{35E0797E-8036-4C52-8768-40EFF4BEAB21}.Release|Any CPU.ActiveCfg = Release|Any CPU
		{35E0797E-8036-4C52-8768-40EFF4BEAB21}.Release|Any CPU.Build.0 = Release|Any CPU
		{AE3F15A3-2563-4D61-BF84-0C31628F5675}.Debug|Any CPU.ActiveCfg = Debug|Any CPU
		{AE3F15A3-2563-4D61-BF84-0C31628F5675}.Debug|Any CPU.Build.0 = Debug|Any CPU
		{AE3F15A3-2563-4D61-BF84-0C31628F5675}.Release|Any CPU.ActiveCfg = Release|Any CPU
		{AE3F15A3-2563-4D61-BF84-0C31628F5675}.Release|Any CPU.Build.0 = Release|Any CPU
		{E6214E82-DEFB-4514-A103-6C1913CAEF0B}.Debug|Any CPU.ActiveCfg = Debug|Any CPU
		{E6214E82-DEFB-4514-A103-6C1913CAEF0B}.Debug|Any CPU.Build.0 = Debug|Any CPU
		{E6214E82-DEFB-4514-A103-6C1913CAEF0B}.Release|Any CPU.ActiveCfg = Release|Any CPU
		{E6214E82-DEFB-4514-A103-6C1913CAEF0B}.Release|Any CPU.Build.0 = Release|Any CPU
		{A5ACDF61-88E4-41AE-B472-2994628C3206}.Debug|Any CPU.ActiveCfg = Debug|Any CPU
		{A5ACDF61-88E4-41AE-B472-2994628C3206}.Debug|Any CPU.Build.0 = Debug|Any CPU
		{A5ACDF61-88E4-41AE-B472-2994628C3206}.Release|Any CPU.ActiveCfg = Release|Any CPU
		{A5ACDF61-88E4-41AE-B472-2994628C3206}.Release|Any CPU.Build.0 = Release|Any CPU
		{DE1B8C0C-0F87-40B7-AB1B-E7AB472120C3}.Debug|Any CPU.ActiveCfg = Debug|Any CPU
		{DE1B8C0C-0F87-40B7-AB1B-E7AB472120C3}.Debug|Any CPU.Build.0 = Debug|Any CPU
		{DE1B8C0C-0F87-40B7-AB1B-E7AB472120C3}.Release|Any CPU.ActiveCfg = Release|Any CPU
		{DE1B8C0C-0F87-40B7-AB1B-E7AB472120C3}.Release|Any CPU.Build.0 = Release|Any CPU
		{7C14F9F4-3422-45F7-ADCC-93C704614D54}.Debug|Any CPU.ActiveCfg = Debug|Any CPU
		{7C14F9F4-3422-45F7-ADCC-93C704614D54}.Debug|Any CPU.Build.0 = Debug|Any CPU
		{7C14F9F4-3422-45F7-ADCC-93C704614D54}.Release|Any CPU.ActiveCfg = Release|Any CPU
		{7C14F9F4-3422-45F7-ADCC-93C704614D54}.Release|Any CPU.Build.0 = Release|Any CPU
		{77E2FBF1-6B3A-4D7F-BBE0-D70ED7D0CF3B}.Debug|Any CPU.ActiveCfg = Debug|Any CPU
		{77E2FBF1-6B3A-4D7F-BBE0-D70ED7D0CF3B}.Debug|Any CPU.Build.0 = Debug|Any CPU
		{77E2FBF1-6B3A-4D7F-BBE0-D70ED7D0CF3B}.Release|Any CPU.ActiveCfg = Release|Any CPU
		{77E2FBF1-6B3A-4D7F-BBE0-D70ED7D0CF3B}.Release|Any CPU.Build.0 = Release|Any CPU
		{8564CA1D-49B1-4C20-8A67-22CAB33AEA1C}.Debug|Any CPU.ActiveCfg = Debug|Any CPU
		{8564CA1D-49B1-4C20-8A67-22CAB33AEA1C}.Debug|Any CPU.Build.0 = Debug|Any CPU
		{8564CA1D-49B1-4C20-8A67-22CAB33AEA1C}.Release|Any CPU.ActiveCfg = Release|Any CPU
		{8564CA1D-49B1-4C20-8A67-22CAB33AEA1C}.Release|Any CPU.Build.0 = Release|Any CPU
		{76BACAE5-5F5C-4692-8000-72FC8AB2A617}.Debug|Any CPU.ActiveCfg = Debug|Any CPU
		{76BACAE5-5F5C-4692-8000-72FC8AB2A617}.Debug|Any CPU.Build.0 = Debug|Any CPU
		{76BACAE5-5F5C-4692-8000-72FC8AB2A617}.Release|Any CPU.ActiveCfg = Release|Any CPU
		{76BACAE5-5F5C-4692-8000-72FC8AB2A617}.Release|Any CPU.Build.0 = Release|Any CPU
	EndGlobalSection
	GlobalSection(SolutionProperties) = preSolution
		HideSolutionNode = FALSE
	EndGlobalSection
	GlobalSection(NestedProjects) = preSolution
		{C18C42AE-0EF7-4F20-9EB9-88A2CC91DC37} = {69C0C3EB-7ABB-481E-B23F-2A145B0BDDDB}
		{6239880C-5B1E-47CC-9B65-B163626AC0B3} = {69C0C3EB-7ABB-481E-B23F-2A145B0BDDDB}
		{B4D22DCD-FB2C-4CFD-9D99-BFF79AFF4524} = {69C0C3EB-7ABB-481E-B23F-2A145B0BDDDB}
		{2938E543-8413-4AD8-9A64-05E65C6FBDCE} = {69C0C3EB-7ABB-481E-B23F-2A145B0BDDDB}
		{6C7CF3DC-0AB9-4EBA-8B0F-7D6A060D1008} = {2CF8A30A-A690-4D7A-85A4-0B65C013D309}
		{D90D7F3E-729A-402F-968D-A25F51BFBE5B} = {2CF8A30A-A690-4D7A-85A4-0B65C013D309}
		{392AE5C5-6A0B-4CC0-9C80-4FEDDB893AC3} = {2CF8A30A-A690-4D7A-85A4-0B65C013D309}
		{99BD9DB8-0D8A-4B50-916B-BB6F23539988} = {2CF8A30A-A690-4D7A-85A4-0B65C013D309}
		{28A3AAA0-9715-4E24-AC2C-93F192E7D81B} = {2CF8A30A-A690-4D7A-85A4-0B65C013D309}
		{0E90CFEA-7E73-4B57-9218-A43FC4D7B646} = {2CF8A30A-A690-4D7A-85A4-0B65C013D309}
		{417377ED-127A-4DF2-A3E0-235B8F448439} = {2CF8A30A-A690-4D7A-85A4-0B65C013D309}
		{E1EB328A-393A-4AF5-91C3-2955F58B58AA} = {DC620166-8934-44FD-8BA8-CD0BF92EE7ED}
		{3C10E4EB-8B33-4E7D-A35F-0A2C89CC05F2} = {DC620166-8934-44FD-8BA8-CD0BF92EE7ED}
		{244F188E-6DE6-427E-B55D-EF7BE500F896} = {DC620166-8934-44FD-8BA8-CD0BF92EE7ED}
		{29DCE742-4E6C-408D-A884-650D497AD09E} = {DC620166-8934-44FD-8BA8-CD0BF92EE7ED}
		{0D813DF0-02F5-451C-82C9-42DE458D1606} = {DC620166-8934-44FD-8BA8-CD0BF92EE7ED}
		{FC22A960-3ECF-4AFE-9821-23AB5BB6DDCB} = {DC620166-8934-44FD-8BA8-CD0BF92EE7ED}
		{F2734E5D-80FF-4358-A42D-733913C06ED6} = {DC620166-8934-44FD-8BA8-CD0BF92EE7ED}
		{7FF67CB9-4AF3-404E-B7F7-6ABA54A3ED93} = {DC620166-8934-44FD-8BA8-CD0BF92EE7ED}
		{7E46A8F6-CD48-40BC-9415-9535B1D3FA5D} = {DC620166-8934-44FD-8BA8-CD0BF92EE7ED}
		{4C107C2D-24F8-4D58-946C-EA6FCBD0364C} = {DC620166-8934-44FD-8BA8-CD0BF92EE7ED}
		{48141CC7-4DA3-4B12-A820-0D988031FDEC} = {DC620166-8934-44FD-8BA8-CD0BF92EE7ED}
		{799172C3-A492-4A35-9D8D-27C0D1D3CC2D} = {DC620166-8934-44FD-8BA8-CD0BF92EE7ED}
		{68919BEB-CCE9-4D2C-8CBD-4F11CFCDF417} = {271DE560-6607-464F-B0BB-470E49EADB78}
		{BA7B53ED-C9EA-49FA-B348-C48204A0103E} = {271DE560-6607-464F-B0BB-470E49EADB78}
		{8FB3214F-3E61-4816-A572-B26E1B198933} = {271DE560-6607-464F-B0BB-470E49EADB78}
		{EBFE3A10-FB59-4863-9B24-C42C940AD0D2} = {271DE560-6607-464F-B0BB-470E49EADB78}
		{5B0EF147-0EDE-4590-A813-74A6A4EFAFAB} = {271DE560-6607-464F-B0BB-470E49EADB78}
		{35E0797E-8036-4C52-8768-40EFF4BEAB21} = {F15D868F-8E87-4C7E-BB83-FDD8401470BD}
		{AE3F15A3-2563-4D61-BF84-0C31628F5675} = {F15D868F-8E87-4C7E-BB83-FDD8401470BD}
		{E6214E82-DEFB-4514-A103-6C1913CAEF0B} = {F15D868F-8E87-4C7E-BB83-FDD8401470BD}
		{A5ACDF61-88E4-41AE-B472-2994628C3206} = {F15D868F-8E87-4C7E-BB83-FDD8401470BD}
		{DE1B8C0C-0F87-40B7-AB1B-E7AB472120C3} = {F15D868F-8E87-4C7E-BB83-FDD8401470BD}
		{7C14F9F4-3422-45F7-ADCC-93C704614D54} = {F15D868F-8E87-4C7E-BB83-FDD8401470BD}
		{77E2FBF1-6B3A-4D7F-BBE0-D70ED7D0CF3B} = {F15D868F-8E87-4C7E-BB83-FDD8401470BD}
		{8564CA1D-49B1-4C20-8A67-22CAB33AEA1C} = {F15D868F-8E87-4C7E-BB83-FDD8401470BD}
		{76BACAE5-5F5C-4692-8000-72FC8AB2A617} = {2CF8A30A-A690-4D7A-85A4-0B65C013D309}
	EndGlobalSection
	GlobalSection(ExtensibilityGlobals) = postSolution
		SolutionGuid = {CF390375-44E9-4CCB-8793-0D590B98E222}
	EndGlobalSection
EndGlobal
