
Microsoft Visual Studio Solution File, Format Version 12.00
# Visual Studio Version 16
VisualStudioVersion = 16.0.32413.511
MinimumVisualStudioVersion = 10.0.40219.1
Project("{2150E333-8FDC-42A3-9474-1A3956D46DE8}") = "Solution Items", "Solution Items", "{A059686A-E96A-48C9-A96A-D6E46CE7FC36}"
	ProjectSection(SolutionItems) = preProject
		.editorconfig = .editorconfig
		Design Pattern.jpg = Design Pattern.jpg
		DesignPatterns.Summary.txt = DesignPatterns.Summary.txt
		LegendaDesignPatterns.jpeg = LegendaDesignPatterns.jpeg
		Terminology.png = Terminology.png
	EndProjectSection
EndProject
Project("{9A19103F-16F7-4668-BE54-9A1E7A4F7556}") = "01.Creational.Builder", "01.CREATIONAL\01.Creational.Builder\01.Creational.Builder.csproj", "{C18C42AE-0EF7-4F20-9EB9-88A2CC91DC37}"
EndProject
Project("{2150E333-8FDC-42A3-9474-1A3956D46DE8}") = "01.CREATIONAL", "01.CREATIONAL", "{69C0C3EB-7ABB-481E-B23F-2A145B0BDDDB}"
	ProjectSection(SolutionItems) = preProject
		01.CREATIONAL\Creational.Summary.txt = 01.CREATIONAL\Creational.Summary.txt
		01.CREATIONAL\LegendaCreationalsPatterns.jpeg = 01.CREATIONAL\LegendaCreationalsPatterns.jpeg
	EndProjectSection
EndProject
Project("{9A19103F-16F7-4668-BE54-9A1E7A4F7556}") = "02.Creational Factories", "01.CREATIONAL\02.Creational Factories\02.Creational Factories.csproj", "{6239880C-5B1E-47CC-9B65-B163626AC0B3}"
EndProject
Project("{9A19103F-16F7-4668-BE54-9A1E7A4F7556}") = "03.Creational.Prototype", "01.CREATIONAL\03.Creational.Prototype\03.Creational.Prototype.csproj", "{B4D22DCD-FB2C-4CFD-9D99-BFF79AFF4524}"
EndProject
Project("{9A19103F-16F7-4668-BE54-9A1E7A4F7556}") = "04.Creational.Singleton", "01.CREATIONAL\04.Creational.Singleton\04.Creational.Singleton.csproj", "{2938E543-8413-4AD8-9A64-05E65C6FBDCE}"
EndProject
Project("{2150E333-8FDC-42A3-9474-1A3956D46DE8}") = "02.STRUCTURAL", "02.STRUCTURAL", "{2CF8A30A-A690-4D7A-85A4-0B65C013D309}"
	ProjectSection(SolutionItems) = preProject
		02.STRUCTURAL\LegendaStructuralDesignPatterns.jpeg = 02.STRUCTURAL\LegendaStructuralDesignPatterns.jpeg
		02.STRUCTURAL\Structural.Summary.txt = 02.STRUCTURAL\Structural.Summary.txt
	EndProjectSection
EndProject
Project("{9A19103F-16F7-4668-BE54-9A1E7A4F7556}") = "01.Structural.Adapter", "02.STRUCTURAL\01.Structural.Adapter\01.Structural.Adapter.csproj", "{6C7CF3DC-0AB9-4EBA-8B0F-7D6A060D1008}"
EndProject
Project("{9A19103F-16F7-4668-BE54-9A1E7A4F7556}") = "02.Structural.Bridge", "02.STRUCTURAL\02.Structural.Bridge\02.Structural.Bridge.csproj", "{D90D7F3E-729A-402F-968D-A25F51BFBE5B}"
EndProject
Project("{9A19103F-16F7-4668-BE54-9A1E7A4F7556}") = "03.Structural.Composite", "02.STRUCTURAL\03.Structural.Composite\03.Structural.Composite.csproj", "{392AE5C5-6A0B-4CC0-9C80-4FEDDB893AC3}"
EndProject
Project("{9A19103F-16F7-4668-BE54-9A1E7A4F7556}") = "04.Structural.Decorator", "02.STRUCTURAL\04.Structural.Decorator\04.Structural.Decorator.csproj", "{99BD9DB8-0D8A-4B50-916B-BB6F23539988}"
EndProject
Project("{9A19103F-16F7-4668-BE54-9A1E7A4F7556}") = "05.Structural.Facade", "02.STRUCTURAL\05.Structural.Facade\05.Structural.Facade.csproj", "{28A3AAA0-9715-4E24-AC2C-93F192E7D81B}"
EndProject
Project("{9A19103F-16F7-4668-BE54-9A1E7A4F7556}") = "06.Structural.Flyweight", "02.STRUCTURAL\06.Structural.Flyweight\06.Structural.Flyweight.csproj", "{0E90CFEA-7E73-4B57-9218-A43FC4D7B646}"
EndProject
Project("{9A19103F-16F7-4668-BE54-9A1E7A4F7556}") = "07.Structural.Proxy", "02.STRUCTURAL\07.Structural.Proxy\07.Structural.Proxy.csproj", "{417377ED-127A-4DF2-A3E0-235B8F448439}"
EndProject
Project("{2150E333-8FDC-42A3-9474-1A3956D46DE8}") = "03.BEHAVIORAL", "03.BEHAVIORAL", "{DC620166-8934-44FD-8BA8-CD0BF92EE7ED}"
	ProjectSection(SolutionItems) = preProject
		03.BEHAVIORAL\Behaviorl.Summary.txt = 03.BEHAVIORAL\Behaviorl.Summary.txt
		03.BEHAVIORAL\LegendaBehavioralDesignPatterns.jpeg = 03.BEHAVIORAL\LegendaBehavioralDesignPatterns.jpeg
	EndProjectSection
EndProject
Project("{9A19103F-16F7-4668-BE54-9A1E7A4F7556}") = "01.Behavior.ChainOfResponsability", "03.BEHAVIORAL\01.Behavior.ChainOfResponsability\01.Behavior.ChainOfResponsability.csproj", "{E1EB328A-393A-4AF5-91C3-2955F58B58AA}"
EndProject
Project("{9A19103F-16F7-4668-BE54-9A1E7A4F7556}") = "02.Behavior.Command", "03.BEHAVIORAL\02.Behavior.Command\02.Behavior.Command.csproj", "{3C10E4EB-8B33-4E7D-A35F-0A2C89CC05F2}"
EndProject
Project("{9A19103F-16F7-4668-BE54-9A1E7A4F7556}") = "03.Behavior.Interpreter", "03.BEHAVIORAL\03.Behavior.Interpreter\03.Behavior.Interpreter.csproj", "{244F188E-6DE6-427E-B55D-EF7BE500F896}"
EndProject
Project("{9A19103F-16F7-4668-BE54-9A1E7A4F7556}") = "04.Behavior.Iterator", "03.BEHAVIORAL\04.Behavior.Iterator\04.Behavior.Iterator.csproj", "{29DCE742-4E6C-408D-A884-650D497AD09E}"
EndProject
Project("{9A19103F-16F7-4668-BE54-9A1E7A4F7556}") = "05.Behavior.Mediator", "03.BEHAVIORAL\05.Behavior.Mediator\05.Behavior.Mediator.csproj", "{0D813DF0-02F5-451C-82C9-42DE458D1606}"
EndProject
Project("{9A19103F-16F7-4668-BE54-9A1E7A4F7556}") = "06.Behavior.Memento", "03.BEHAVIORAL\06.Behavior.Memento\06.Behavior.Memento.csproj", "{FC22A960-3ECF-4AFE-9821-23AB5BB6DDCB}"
EndProject
Project("{9A19103F-16F7-4668-BE54-9A1E7A4F7556}") = "07.Behavior.NullObject", "03.BEHAVIORAL\07.Behavioral.NullObject\07.Behavior.NullObject.csproj", "{F2734E5D-80FF-4358-A42D-733913C06ED6}"
EndProject
Project("{9A19103F-16F7-4668-BE54-9A1E7A4F7556}") = "08.Behavior.Observable", "03.BEHAVIORAL\08.Behavior.Observable\08.Behavior.Observable.csproj", "{7FF67CB9-4AF3-404E-B7F7-6ABA54A3ED93}"
EndProject
Project("{9A19103F-16F7-4668-BE54-9A1E7A4F7556}") = "09.Behavior.State", "03.BEHAVIORAL\09.Behavior.State\09.Behavior.State.csproj", "{7E46A8F6-CD48-40BC-9415-9535B1D3FA5D}"
EndProject
Project("{9A19103F-16F7-4668-BE54-9A1E7A4F7556}") = "10.Behavior.Strategy", "03.BEHAVIORAL\10.Behavior.Strategy\10.Behavior.Strategy.csproj", "{4C107C2D-24F8-4D58-946C-EA6FCBD0364C}"
EndProject
Project("{9A19103F-16F7-4668-BE54-9A1E7A4F7556}") = "11.Behavior.Template", "03.BEHAVIORAL\11.Behavior.Template\11.Behavior.Template.csproj", "{48141CC7-4DA3-4B12-A820-0D988031FDEC}"
EndProject
Project("{9A19103F-16F7-4668-BE54-9A1E7A4F7556}") = "12.Behavior.Visitor", "03.BEHAVIORAL\12.Behavior.Visitor\12.Behavior.Visitor.csproj", "{799172C3-A492-4A35-9D8D-27C0D1D3CC2D}"
EndProject
Project("{2150E333-8FDC-42A3-9474-1A3956D46DE8}") = "Principi S.O.L.I.D.", "Principi S.O.L.I.D.", "{271DE560-6607-464F-B0BB-470E49EADB78}"
	ProjectSection(SolutionItems) = preProject
		S.O.L.I.D\Definition SOLID.txt = S.O.L.I.D\Definition SOLID.txt
		S.O.L.I.D\SOLID.bmp = S.O.L.I.D\SOLID.bmp
		S.O.L.I.D\SOLID.png = S.O.L.I.D\SOLID.png
	EndProjectSection
EndProject
Project("{9A19103F-16F7-4668-BE54-9A1E7A4F7556}") = "01.Single Responsability Principle", "S.O.L.I.D\01.S.Single Responsability Principle\01.Single Responsability Principle.csproj", "{68919BEB-CCE9-4D2C-8CBD-4F11CFCDF417}"
EndProject
Project("{9A19103F-16F7-4668-BE54-9A1E7A4F7556}") = "02.Open-Close Principle", "S.O.L.I.D\02.O.Open-Close Principle\02.Open-Close Principle.csproj", "{BA7B53ED-C9EA-49FA-B348-C48204A0103E}"
EndProject
Project("{9A19103F-16F7-4668-BE54-9A1E7A4F7556}") = "03.Liskow Substition Principle", "S.O.L.I.D\03.L.Liskow Substition Principle\03.Liskow Substition Principle.csproj", "{8FB3214F-3E61-4816-A572-B26E1B198933}"
EndProject
Project("{9A19103F-16F7-4668-BE54-9A1E7A4F7556}") = "04.Interface Segregation Principle", "S.O.L.I.D\04.I.Interface Segregation Principles\04.Interface Segregation Principle.csproj", "{EBFE3A10-FB59-4863-9B24-C42C940AD0D2}"
EndProject
Project("{9A19103F-16F7-4668-BE54-9A1E7A4F7556}") = "05.Dependency Inversion Principle", "S.O.L.I.D\05.D.Dependency Inversion Principles\05.Dependency Inversion Principle.csproj", "{5B0EF147-0EDE-4590-A813-74A6A4EFAFAB}"
EndProject
Project("{2150E333-8FDC-42A3-9474-1A3956D46DE8}") = "04.CONCURRENCY", "04.CONCURRENCY", "{F15D868F-8E87-4C7E-BB83-FDD8401470BD}"
	ProjectSection(SolutionItems) = preProject
		04.CONCURRENCY\Concurrency.Summary.txt = 04.CONCURRENCY\Concurrency.Summary.txt
		04.CONCURRENCY\LegendaConcurrencyDesignPatterns.jpeg = 04.CONCURRENCY\LegendaConcurrencyDesignPatterns.jpeg
	EndProjectSection
EndProject
Project("{9A19103F-16F7-4668-BE54-9A1E7A4F7556}") = "01.Concurrency.Balking", "04.CONCURRENCY\01.Concurrency.Balking\01.Concurrency.Balking.csproj", "{D99C4959-D873-4749-BA8A-8952C60654E9}"
EndProject
Project("{9A19103F-16F7-4668-BE54-9A1E7A4F7556}") = "02.Concurrency.DoubleCheckedLocking", "04.CONCURRENCY\02.Concurrency.DoubleCheckedLocking\02.Concurrency.DoubleCheckedLocking.csproj", "{6AE96965-C5E7-42ED-9330-C66E7B3741D0}"
EndProject
Project("{9A19103F-16F7-4668-BE54-9A1E7A4F7556}") = "03.Concurrency.GuardedSuspension", "04.CONCURRENCY\03.Concurrency.GuardedSuspension\03.Concurrency.GuardedSuspension.csproj", "{E575423A-2A70-4CE1-B42E-94F182AA7BC2}"
EndProject
Project("{9A19103F-16F7-4668-BE54-9A1E7A4F7556}") = "04.Concurrency.Event-BasedAsyncronous", "04.CONCURRENCY\04.Concurrency.EventAsyncronous\04.Concurrency.Event-BasedAsyncronous.csproj", "{74CEA45A-FD97-4648-B50A-DB348CBBAA1C}"
EndProject
Project("{9A19103F-16F7-4668-BE54-9A1E7A4F7556}") = "05.Concurrency.Join", "04.CONCURRENCY\05.Concurrency.Join\05.Concurrency.Join.csproj", "{F3006043-17A8-4562-B630-C0586B7263C9}"
EndProject
Project("{9A19103F-16F7-4668-BE54-9A1E7A4F7556}") = "06.Concurrency.MessageDesignPattern", "04.CONCURRENCY\06.Concurrency.MessageDesignPattern\06.Concurrency.MessageDesignPattern.csproj", "{03257F92-DAE3-460A-9038-E6636CD5024A}"
EndProject
Project("{9A19103F-16F7-4668-BE54-9A1E7A4F7556}") = "07.Concurrency.Lock", "04.CONCURRENCY\07.Concurrency.Lock\07.Concurrency.Lock.csproj", "{785EE2F8-511B-46F6-B807-7750C0CDD453}"
EndProject
Project("{9A19103F-16F7-4668-BE54-9A1E7A4F7556}") = "08.Concurrency.ActiveObject", "04.CONCURRENCY\08.Concurrency.ActiveObject\08.Concurrency.ActiveObject.csproj", "{26C441BB-C54A-41EF-966A-1529F5565174}"
EndProject
Project("{9A19103F-16F7-4668-BE54-9A1E7A4F7556}") = "09.Concurrency.MonitorObject", "04.CONCURRENCY\09.Concurrency.MonitorObject\09.Concurrency.MonitorObject.csproj", "{6927F4FD-56FC-4685-AC8D-8D11DFE51377}"
EndProject
Project("{9A19103F-16F7-4668-BE54-9A1E7A4F7556}") = "10.Concurrency.ProducerConsumer", "04.CONCURRENCY\10.Concurrency.ProducerConsumer\10.Concurrency.ProducerConsumer.csproj", "{1E8FCA8C-5869-4929-B9BD-DFB70FAF3CAE}"
EndProject
Project("{9A19103F-16F7-4668-BE54-9A1E7A4F7556}") = "11.Concurrency.LeaderFollowers", "04.CONCURRENCY\11.Concurrency.LeaderFollowers\11.Concurrency.LeaderFollowers.csproj", "{F70B3F7D-EFC0-48E4-B863-801457ACD137}"
EndProject
Project("{9A19103F-16F7-4668-BE54-9A1E7A4F7556}") = "12.HalfSyncHalfAsync", "04.CONCURRENCY\12.HalfSyncHalfAsync\12.HalfSyncHalfAsync.csproj", "{8040F6BC-06EC-44DA-AE58-93EEA6B2B18D}"
EndProject
Project("{9A19103F-16F7-4668-BE54-9A1E7A4F7556}") = "13.Concurrency.BindingProperties", "04.CONCURRENCY\13.Concurrency.BindingProperties\13.Concurrency.BindingProperties.csproj", "{D9D07AF8-E562-4838-9971-C123CAF2127B}"
EndProject
Project("{9A19103F-16F7-4668-BE54-9A1E7A4F7556}") = "14.Concurrency.ReactorProactor", "04.CONCURRENCY\14.Concurrency.Reactor\14.Concurrency.ReactorProactor.csproj", "{549688E4-9949-4DE0-8443-5BD7D7F2E9BA}"
EndProject
Project("{9A19103F-16F7-4668-BE54-9A1E7A4F7556}") = "15.Concurrency.SchedulerTask", "04.CONCURRENCY\15.Concurrency.SchedulerTask\15.Concurrency.SchedulerTask.csproj", "{F268C57B-A739-48A2-A191-D4DAA889A589}"
EndProject
Project("{9A19103F-16F7-4668-BE54-9A1E7A4F7556}") = "16.Concurrency.ThreadPool", "04.CONCURRENCY\16.Concurrency.ThreadPool\16.Concurrency.ThreadPool.csproj", "{17D6ECBD-2CB6-48F4-BF77-C55264910B99}"
EndProject
Project("{9A19103F-16F7-4668-BE54-9A1E7A4F7556}") = "17.Concurrency.ThreadLocal", "04.CONCURRENCY\17.Concurrency.ThreadLocal\17.Concurrency.ThreadLocal.csproj", "{601AAD80-8002-4664-8699-1C4F48F7D891}"
EndProject
Project("{2150E333-8FDC-42A3-9474-1A3956D46DE8}") = "06.ARCHITECTURAL", "06.ARCHITECTURAL", "{F694B277-F12C-4A81-BA3D-6191CD66FB1A}"
	ProjectSection(SolutionItems) = preProject
		06.ARCHITECTURAL\ArchitecturalSummary.txt = 06.ARCHITECTURAL\ArchitecturalSummary.txt
	EndProjectSection
EndProject
Project("{9A19103F-16F7-4668-BE54-9A1E7A4F7556}") = "13.Behavioral.BlackBoard", "03.BEHAVIORAL\13.Behavior.BlackBoard\13.Behavioral.BlackBoard.csproj", "{66344D0F-C4A5-4BD9-8F43-5AE872C4F93B}"
EndProject
Project("{2150E333-8FDC-42A3-9474-1A3956D46DE8}") = "01.Design", "01.Design", "{2C2416D7-A91C-4228-808F-0EB8624CB604}"
EndProject
Project("{2150E333-8FDC-42A3-9474-1A3956D46DE8}") = "07.CLOUD", "07.CLOUD", "{2DB134FF-26CD-42D2-9234-280066F11DFA}"
EndProject
Project("{2150E333-8FDC-42A3-9474-1A3956D46DE8}") = "02.Logic", "02.Logic", "{84FD4CDE-0DD3-49A7-B508-CD24383539B6}"
EndProject
Project("{2150E333-8FDC-42A3-9474-1A3956D46DE8}") = "03.DataAccess", "03.DataAccess", "{49AEA828-D8FC-4C4E-AD8E-BBE3F5476F61}"
EndProject
Project("{2150E333-8FDC-42A3-9474-1A3956D46DE8}") = "04.Service", "04.Service", "{80AB4A73-C6D7-4A39-AA77-0764E07E9A52}"
EndProject
Project("{2150E333-8FDC-42A3-9474-1A3956D46DE8}") = "05.Layered", "05.Layered", "{3A7BE7F8-A0D7-4E45-90DC-8DA393624C7C}"
EndProject
Project("{2150E333-8FDC-42A3-9474-1A3956D46DE8}") = "Azure", "Azure", "{CD8ADAA9-FF8C-43E5-BA2F-7FF0CFEB21FE}"
	ProjectSection(SolutionItems) = preProject
		07.CLOUD\Azure\CloudPatternsSummary.txt = 07.CLOUD\Azure\CloudPatternsSummary.txt
		07.CLOUD\Azure\DataManagement.txt = 07.CLOUD\Azure\DataManagement.txt
		07.CLOUD\Azure\DesignImplemnetations.txt = 07.CLOUD\Azure\DesignImplemnetations.txt
		07.CLOUD\Azure\Messaging.txt = 07.CLOUD\Azure\Messaging.txt
		07.CLOUD\Azure\MS Cloud Design Patterns Infographic SSW Edited.png = 07.CLOUD\Azure\MS Cloud Design Patterns Infographic SSW Edited.png
	EndProjectSection
EndProject
Project("{2150E333-8FDC-42A3-9474-1A3956D46DE8}") = "Aws", "Aws", "{BDE99B2C-ED22-46CF-B922-5DDF4E77A11E}"
	ProjectSection(SolutionItems) = preProject
		07.CLOUD\Aws\2XNdewVsgellO3x8-01890-300x267.png = 07.CLOUD\Aws\2XNdewVsgellO3x8-01890-300x267.png
		07.CLOUD\Aws\2XNdewVsgellO3x8-3808B-300x259.png = 07.CLOUD\Aws\2XNdewVsgellO3x8-3808B-300x259.png
		07.CLOUD\Aws\2XNdewVsgellO3x8-3FAF6-300x265.png = 07.CLOUD\Aws\2XNdewVsgellO3x8-3FAF6-300x265.png
		07.CLOUD\Aws\2XNdewVsgellO3x8-4570E-300x234.png = 07.CLOUD\Aws\2XNdewVsgellO3x8-4570E-300x234.png
		07.CLOUD\Aws\2XNdewVsgellO3x8-570C8-300x267.png = 07.CLOUD\Aws\2XNdewVsgellO3x8-570C8-300x267.png
		07.CLOUD\Aws\2XNdewVsgellO3x8-63945-273x300.png = 07.CLOUD\Aws\2XNdewVsgellO3x8-63945-273x300.png
		07.CLOUD\Aws\2XNdewVsgellO3x8-68E67-300x216.png = 07.CLOUD\Aws\2XNdewVsgellO3x8-68E67-300x216.png
		07.CLOUD\Aws\2XNdewVsgellO3x8-B8482-300x190.png = 07.CLOUD\Aws\2XNdewVsgellO3x8-B8482-300x190.png
		07.CLOUD\Aws\6wNg0ISJczU5Pz1m-221B9-300x245.png = 07.CLOUD\Aws\6wNg0ISJczU5Pz1m-221B9-300x245.png
		07.CLOUD\Aws\6wNg0ISJczU5Pz1m-CC059.png = 07.CLOUD\Aws\6wNg0ISJczU5Pz1m-CC059.png
		07.CLOUD\Aws\AwsCloudPattern.txt = 07.CLOUD\Aws\AwsCloudPattern.txt
		07.CLOUD\Aws\AwsDefinitionPatterns.txt = 07.CLOUD\Aws\AwsDefinitionPatterns.txt
		07.CLOUD\Aws\AwsInfoCdpPattern.txt = 07.CLOUD\Aws\AwsInfoCdpPattern.txt
	EndProjectSection
EndProject
Project("{2150E333-8FDC-42A3-9474-1A3956D46DE8}") = "Google", "Google", "{B37AD9A6-7035-4C1F-A355-8AAAA7381FBA}"
	ProjectSection(SolutionItems) = preProject
		07.CLOUD\Google\GoogleApiPattern.txt = 07.CLOUD\Google\GoogleApiPattern.txt
	EndProjectSection
EndProject
Project("{2150E333-8FDC-42A3-9474-1A3956D46DE8}") = "06.Distribuite", "06.Distribuite", "{F5184EC0-8BB6-48FF-894A-820E1A906A4B}"
EndProject
Project("{9A19103F-16F7-4668-BE54-9A1E7A4F7556}") = "01.Architectural.MultiTier", "06.ARCHITECTURAL\06.Distribuite\01.Architectural.MultiTier\01.Architectural.MultiTier.csproj", "{61F8039A-205E-41FF-B56A-0E940283268F}"
EndProject
Project("{9A19103F-16F7-4668-BE54-9A1E7A4F7556}") = "02.Architectural.SOA", "06.ARCHITECTURAL\06.Distribuite\02.Architectural.SOA\02.Architectural.SOA.csproj", "{62DBE2BE-1E27-4465-9A80-CFCF6D03D4A6}"
EndProject
Project("{9A19103F-16F7-4668-BE54-9A1E7A4F7556}") = "03.Architectural.Microservice", "06.ARCHITECTURAL\06.Distribuite\03.Architectural.Microservice\03.Architectural.Microservice.csproj", "{D08F9E77-5AF8-4A2A-9126-C6DCF77658DE}"
EndProject
Project("{9A19103F-16F7-4668-BE54-9A1E7A4F7556}") = "01.Architectural.IdentityMap", "06.ARCHITECTURAL\03.DataAccess\01.Architectural.IdentityMap\01.Architectural.IdentityMap.csproj", "{2FA9ECCA-ED9F-45C3-9E7A-5FFDD96460F2}"
EndProject
Project("{9A19103F-16F7-4668-BE54-9A1E7A4F7556}") = "02.Architectural.ActiveRecord", "06.ARCHITECTURAL\03.DataAccess\02.Architectural.ActiveRecord\02.Architectural.ActiveRecord.csproj", "{32741541-502F-4F50-9AD6-CD2D1B0F7190}"
EndProject
Project("{9A19103F-16F7-4668-BE54-9A1E7A4F7556}") = "03.Architectural.DAO", "06.ARCHITECTURAL\03.DataAccess\03.Architectural.DAO\03.Architectural.DAO.csproj", "{07C08000-0921-45F2-A656-895513256F15}"
EndProject
Project("{9A19103F-16F7-4668-BE54-9A1E7A4F7556}") = "04.Architectural.DTO", "06.ARCHITECTURAL\03.DataAccess\04.Architectural.DTO\04.Architectural.DTO.csproj", "{002569EB-2B3D-4CAC-BA47-60736187E1B1}"
EndProject
Project("{9A19103F-16F7-4668-BE54-9A1E7A4F7556}") = "01.Architectural.MessageBroker", "06.ARCHITECTURAL\04.Service\01.Architectural.MessageBroker\01.Architectural.MessageBroker.csproj", "{0948F4C1-0EDF-4B01-B5DC-79AC38B477B2}"
EndProject
Project("{9A19103F-16F7-4668-BE54-9A1E7A4F7556}") = "02.Architectural.IOC", "06.ARCHITECTURAL\04.Service\02.Architectural.IOC\02.Architectural.IOC.csproj", "{4C4EAF86-33F2-4E24-9037-EEBA067548B6}"
EndProject
Project("{9A19103F-16F7-4668-BE54-9A1E7A4F7556}") = "03.Architectural.ServiceLocator", "06.ARCHITECTURAL\04.Service\03.Architectural.ServiceObject\03.Architectural.ServiceLocator.csproj", "{7E2C5A3A-6FA4-4E69-B418-C86FD2763571}"
EndProject
Project("{9A19103F-16F7-4668-BE54-9A1E7A4F7556}") = "01.Architectural.NLayered", "06.ARCHITECTURAL\05.Layered\01.Architectural.NLayered\01.Architectural.NLayered.csproj", "{3471DCDE-CDAF-44A0-AC70-374C0AAFFE9F}"
EndProject
Project("{9A19103F-16F7-4668-BE54-9A1E7A4F7556}") = "02.Architectural.NTier", "06.ARCHITECTURAL\05.Layered\02.Architectural.NTier\02.Architectural.NTier.csproj", "{02E25A78-2C0A-4780-B5E0-8DCFABC2C4D8}"
EndProject
Project("{9A19103F-16F7-4668-BE54-9A1E7A4F7556}") = "03.Architectural.Hexagonal", "06.ARCHITECTURAL\05.Layered\03.Architectural.Hexagonal\03.Architectural.Hexagonal.csproj", "{A39C6A6A-B77D-4374-A345-8D34217C52B1}"
EndProject
Project("{9A19103F-16F7-4668-BE54-9A1E7A4F7556}") = "04.Architectural.Onion", "06.ARCHITECTURAL\05.Layered\04.Architectural.Onion\04.Architectural.Onion.csproj", "{0074CA1F-D48B-4F9A-AB37-EF44B909FADD}"
EndProject
Project("{9A19103F-16F7-4668-BE54-9A1E7A4F7556}") = "05.Architectural.Clean", "06.ARCHITECTURAL\05.Layered\05.Architectural.Clean\05.Architectural.Clean.csproj", "{BB016E02-817E-4C52-B570-E68628F1DC6C}"
EndProject
Project("{9A19103F-16F7-4668-BE54-9A1E7A4F7556}") = "01.Architectural.FrontController", "06.ARCHITECTURAL\02.Logic\01.Architectural.FrontController\01.Architectural.FrontController.csproj", "{E1DA3868-9E29-4F6C-8B29-0FE5728E8EA6}"
EndProject
Project("{9A19103F-16F7-4668-BE54-9A1E7A4F7556}") = "02.Architectural.Model2", "06.ARCHITECTURAL\02.Logic\02.Architectural.Model2\02.Architectural.Model2.csproj", "{A5CDAC86-0D9C-4515-A151-19D01FFFB398}"
EndProject
Project("{9A19103F-16F7-4668-BE54-9A1E7A4F7556}") = "03.Architectural.MVC", "06.ARCHITECTURAL\02.Logic\03.Architectural.MVC\03.Architectural.MVC.csproj", "{6ED7129B-4366-41C9-8EB3-68D4BFC0DFA8}"
EndProject
Project("{9A19103F-16F7-4668-BE54-9A1E7A4F7556}") = "04.Architectural.MVVM", "06.ARCHITECTURAL\02.Logic\04.Architectural.MVVM\04.Architectural.MVVM.csproj", "{A032CCCF-2A25-451A-8D49-0D5AE9CC095F}"
EndProject
Project("{9A19103F-16F7-4668-BE54-9A1E7A4F7556}") = "05.Architectural.MVP", "06.ARCHITECTURAL\02.Logic\05.Architectural.MVP\05.Architectural.MVP.csproj", "{915B35A7-EC11-4406-8E34-564FFC186AD7}"
EndProject
Project("{9A19103F-16F7-4668-BE54-9A1E7A4F7556}") = "06.Architectural.ADR", "06.ARCHITECTURAL\02.Logic\06.Architectural.ADR\06.Architectural.ADR.csproj", "{8803B3C1-27BF-4152-8448-9662DCFFC616}"
EndProject
Project("{9A19103F-16F7-4668-BE54-9A1E7A4F7556}") = "07.Architectural.NakedObjects", "06.ARCHITECTURAL\02.Logic\07.Architectural.NakedObjects\07.Architectural.NakedObjects.csproj", "{1B0324EE-07BF-4ABD-9D24-0ECA4153E092}"
EndProject
Project("{9A19103F-16F7-4668-BE54-9A1E7A4F7556}") = "08.Architectural.Specification", "06.ARCHITECTURAL\02.Logic\08.Architectural.Specification\08.Architectural.Specification.csproj", "{F6FB7F8C-21FB-40E4-A922-49CE12B98DC4}"
EndProject
Project("{9A19103F-16F7-4668-BE54-9A1E7A4F7556}") = "09.Architectural.ECS", "06.ARCHITECTURAL\02.Logic\09.Architectural.ECS\09.Architectural.ECS.csproj", "{F3B580EC-8940-41BA-A9EC-986FB606A909}"
EndProject
Project("{2150E333-8FDC-42A3-9474-1A3956D46DE8}") = "00.Tools", "00.Tools", "{1536AC11-C87F-48FE-AC78-DD373ED6E8A1}"
EndProject
Project("{2150E333-8FDC-42A3-9474-1A3956D46DE8}") = "05.DATAACCESS", "05.DATAACCESS", "{52DECCFD-69E2-4437-B6BB-0643BD2D18D3}"
	ProjectSection(SolutionItems) = preProject
		DataAccess.Summary.txt = DataAccess.Summary.txt
	EndProjectSection
EndProject
Project("{9A19103F-16F7-4668-BE54-9A1E7A4F7556}") = "01.Architectural.Decisional", "06.ARCHITECTURAL\00.Tools\01.Architectural.Decisional\01.Architectural.Decisional.csproj", "{4CAC84F3-CF4D-4A75-9106-4297FF977048}"
EndProject
Project("{9A19103F-16F7-4668-BE54-9A1E7A4F7556}") = "02.Architectural.Documental", "06.ARCHITECTURAL\00.Tools\02.Architectural.Documental\02.Architectural.Documental.csproj", "{2C9BA9E8-8B90-4581-AFCF-7C9159691090}"
EndProject
Project("{9A19103F-16F7-4668-BE54-9A1E7A4F7556}") = "03.Architectural.Development", "06.ARCHITECTURAL\00.Tools\03.Architectural.Development\03.Architectural.Development.csproj", "{209F6CC2-95DF-4396-B7C7-845D87288EDE}"
EndProject
Project("{9A19103F-16F7-4668-BE54-9A1E7A4F7556}") = "04.Architectural.Collaboration", "06.ARCHITECTURAL\00.Tools\04.Architectural.Collaboration\04.Architectural.Collaboration.csproj", "{FF01FB83-7726-4E85-A710-5A01731D4056}"
EndProject
Project("{9A19103F-16F7-4668-BE54-9A1E7A4F7556}") = "01.Architectural.Layered", "06.ARCHITECTURAL\01.Design\01.Architectural.Layered\01.Architectural.Layered.csproj", "{053D3CBF-FE4D-4096-89FE-8080D6B003A8}"
EndProject
Project("{9A19103F-16F7-4668-BE54-9A1E7A4F7556}") = "02.Architectural.ClientServer", "06.ARCHITECTURAL\01.Design\02.Architectural.ClientServer\02.Architectural.ClientServer.csproj", "{D5E2EC14-C9D8-4F07-8C4F-C7595AF85BB9}"
EndProject
Project("{9A19103F-16F7-4668-BE54-9A1E7A4F7556}") = "03.Architectural.MasterSlave", "06.ARCHITECTURAL\01.Design\03.Architectural.MasterSlave\03.Architectural.MasterSlave.csproj", "{4596294D-4058-4A0F-A3A4-87EA8D6AA216}"
EndProject
Project("{9A19103F-16F7-4668-BE54-9A1E7A4F7556}") = "04.Architectural.PipeFilter", "06.ARCHITECTURAL\01.Design\04.Architectural.PipeFilter\04.Architectural.PipeFilter.csproj", "{6CE326D2-CE6E-4E0A-BA40-475F2400D2B4}"
EndProject
Project("{9A19103F-16F7-4668-BE54-9A1E7A4F7556}") = "05.Architectural.PeerToPeer", "06.ARCHITECTURAL\01.Design\05.Architectural.PeerToPeer\05.Architectural.PeerToPeer.csproj", "{4C329FE2-B51F-4BF8-AE02-E678F4DE6AA0}"
EndProject
Project("{9A19103F-16F7-4668-BE54-9A1E7A4F7556}") = "06.Architectural.Interceptor", "06.ARCHITECTURAL\01.Design\06.Architectural.Interceptor\06.Architectural.Interceptor.csproj", "{2764C6A1-E56F-411B-B8C2-F2A09C7B64A2}"
EndProject
Project("{9A19103F-16F7-4668-BE54-9A1E7A4F7556}") = "07.Architectural.EventSource", "06.ARCHITECTURAL\01.Design\07.Architectural.EventSource\07.Architectural.EventSource.csproj", "{87DD84D5-9040-44CE-9EDE-6C6AFD0BFA41}"
EndProject
Project("{9A19103F-16F7-4668-BE54-9A1E7A4F7556}") = "08.Architectural.Broker", "06.ARCHITECTURAL\01.Design\08.Architectural.Broker\08.Architectural.Broker.csproj", "{AB0A303E-C031-4486-BFE8-25155710958C}"
EndProject
Project("{9A19103F-16F7-4668-BE54-9A1E7A4F7556}") = "09.Architectural.PublisherSubscriber", "06.ARCHITECTURAL\01.Design\09.Architectural.PublisherSubscriber\09.Architectural.PublisherSubscriber.csproj", "{1F1331CE-692D-463D-AF34-0A0E9352E1C9}"
EndProject
Project("{9A19103F-16F7-4668-BE54-9A1E7A4F7556}") = "10.Architectural.DDD", "06.ARCHITECTURAL\01.Design\10.Architectural.DDD\10.Architectural.DDD.csproj", "{C876CC1C-8055-4F60-A134-920DFC6B190A}"
EndProject
Project("{9A19103F-16F7-4668-BE54-9A1E7A4F7556}") = "11.Architectural.TDD", "06.ARCHITECTURAL\01.Design\11.Architectural.TDD\11.Architectural.TDD.csproj", "{F4FFFE1C-B1A3-4933-8C50-6697A1484F80}"
EndProject
Project("{FAE04EC0-301F-11D3-BF4B-00C04F79EFBC}") = "01.DataAccess.DAO", "05.DATAACCESS\01.DataAccess.DAO\01.DataAccess.DAO.csproj", "{076F9E70-58E2-494C-83AC-95BE51D3E514}"
EndProject
Project("{FAE04EC0-301F-11D3-BF4B-00C04F79EFBC}") = "02.DataAccess.ORM", "05.DATAACCESS\02.DataAccess.ORM\02.DataAccess.ORM.csproj", "{190D143E-10AD-44F6-BAB1-580A83311027}"
EndProject
Project("{FAE04EC0-301F-11D3-BF4B-00C04F79EFBC}") = "03.DataAccess.DataAccessor", "05.DATAACCESS\03.DataAccess.DataAccessor\03.DataAccess.DataAccessor.csproj", "{62D3F7E8-9B12-42E3-A4B6-BCF22DB7A220}"
EndProject
Project("{FAE04EC0-301F-11D3-BF4B-00C04F79EFBC}") = "04.DataAccess.ActiveDomainObject", "05.DATAACCESS\04.DataAccess.ADO\04.DataAccess.ActiveDomainObject.csproj", "{7E008B41-866D-482A-AB0D-D72C72274F51}"
EndProject
Project("{FAE04EC0-301F-11D3-BF4B-00C04F79EFBC}") = "05.DataAccess.Layers", "05.DATAACCESS\05.DataAccess.Layers\05.DataAccess.Layers.csproj", "{2ABE559D-2641-4ABD-9980-F573AD02A28D}"
EndProject
Global
	GlobalSection(SolutionConfigurationPlatforms) = preSolution
		Debug|Any CPU = Debug|Any CPU
		Release|Any CPU = Release|Any CPU
	EndGlobalSection
	GlobalSection(ProjectConfigurationPlatforms) = postSolution
		{C18C42AE-0EF7-4F20-9EB9-88A2CC91DC37}.Debug|Any CPU.ActiveCfg = Debug|Any CPU
		{C18C42AE-0EF7-4F20-9EB9-88A2CC91DC37}.Debug|Any CPU.Build.0 = Debug|Any CPU
		{C18C42AE-0EF7-4F20-9EB9-88A2CC91DC37}.Release|Any CPU.ActiveCfg = Release|Any CPU
		{C18C42AE-0EF7-4F20-9EB9-88A2CC91DC37}.Release|Any CPU.Build.0 = Release|Any CPU
		{6239880C-5B1E-47CC-9B65-B163626AC0B3}.Debug|Any CPU.ActiveCfg = Debug|Any CPU
		{6239880C-5B1E-47CC-9B65-B163626AC0B3}.Debug|Any CPU.Build.0 = Debug|Any CPU
		{6239880C-5B1E-47CC-9B65-B163626AC0B3}.Release|Any CPU.ActiveCfg = Release|Any CPU
		{6239880C-5B1E-47CC-9B65-B163626AC0B3}.Release|Any CPU.Build.0 = Release|Any CPU
		{B4D22DCD-FB2C-4CFD-9D99-BFF79AFF4524}.Debug|Any CPU.ActiveCfg = Debug|Any CPU
		{B4D22DCD-FB2C-4CFD-9D99-BFF79AFF4524}.Debug|Any CPU.Build.0 = Debug|Any CPU
		{B4D22DCD-FB2C-4CFD-9D99-BFF79AFF4524}.Release|Any CPU.ActiveCfg = Release|Any CPU
		{B4D22DCD-FB2C-4CFD-9D99-BFF79AFF4524}.Release|Any CPU.Build.0 = Release|Any CPU
		{2938E543-8413-4AD8-9A64-05E65C6FBDCE}.Debug|Any CPU.ActiveCfg = Debug|Any CPU
		{2938E543-8413-4AD8-9A64-05E65C6FBDCE}.Debug|Any CPU.Build.0 = Debug|Any CPU
		{2938E543-8413-4AD8-9A64-05E65C6FBDCE}.Release|Any CPU.ActiveCfg = Release|Any CPU
		{2938E543-8413-4AD8-9A64-05E65C6FBDCE}.Release|Any CPU.Build.0 = Release|Any CPU
		{6C7CF3DC-0AB9-4EBA-8B0F-7D6A060D1008}.Debug|Any CPU.ActiveCfg = Debug|Any CPU
		{6C7CF3DC-0AB9-4EBA-8B0F-7D6A060D1008}.Debug|Any CPU.Build.0 = Debug|Any CPU
		{6C7CF3DC-0AB9-4EBA-8B0F-7D6A060D1008}.Release|Any CPU.ActiveCfg = Release|Any CPU
		{6C7CF3DC-0AB9-4EBA-8B0F-7D6A060D1008}.Release|Any CPU.Build.0 = Release|Any CPU
		{D90D7F3E-729A-402F-968D-A25F51BFBE5B}.Debug|Any CPU.ActiveCfg = Debug|Any CPU
		{D90D7F3E-729A-402F-968D-A25F51BFBE5B}.Debug|Any CPU.Build.0 = Debug|Any CPU
		{D90D7F3E-729A-402F-968D-A25F51BFBE5B}.Release|Any CPU.ActiveCfg = Release|Any CPU
		{D90D7F3E-729A-402F-968D-A25F51BFBE5B}.Release|Any CPU.Build.0 = Release|Any CPU
		{392AE5C5-6A0B-4CC0-9C80-4FEDDB893AC3}.Debug|Any CPU.ActiveCfg = Debug|Any CPU
		{392AE5C5-6A0B-4CC0-9C80-4FEDDB893AC3}.Debug|Any CPU.Build.0 = Debug|Any CPU
		{392AE5C5-6A0B-4CC0-9C80-4FEDDB893AC3}.Release|Any CPU.ActiveCfg = Release|Any CPU
		{392AE5C5-6A0B-4CC0-9C80-4FEDDB893AC3}.Release|Any CPU.Build.0 = Release|Any CPU
		{99BD9DB8-0D8A-4B50-916B-BB6F23539988}.Debug|Any CPU.ActiveCfg = Debug|Any CPU
		{99BD9DB8-0D8A-4B50-916B-BB6F23539988}.Debug|Any CPU.Build.0 = Debug|Any CPU
		{99BD9DB8-0D8A-4B50-916B-BB6F23539988}.Release|Any CPU.ActiveCfg = Release|Any CPU
		{99BD9DB8-0D8A-4B50-916B-BB6F23539988}.Release|Any CPU.Build.0 = Release|Any CPU
		{28A3AAA0-9715-4E24-AC2C-93F192E7D81B}.Debug|Any CPU.ActiveCfg = Debug|Any CPU
		{28A3AAA0-9715-4E24-AC2C-93F192E7D81B}.Debug|Any CPU.Build.0 = Debug|Any CPU
		{28A3AAA0-9715-4E24-AC2C-93F192E7D81B}.Release|Any CPU.ActiveCfg = Release|Any CPU
		{28A3AAA0-9715-4E24-AC2C-93F192E7D81B}.Release|Any CPU.Build.0 = Release|Any CPU
		{0E90CFEA-7E73-4B57-9218-A43FC4D7B646}.Debug|Any CPU.ActiveCfg = Debug|Any CPU
		{0E90CFEA-7E73-4B57-9218-A43FC4D7B646}.Debug|Any CPU.Build.0 = Debug|Any CPU
		{0E90CFEA-7E73-4B57-9218-A43FC4D7B646}.Release|Any CPU.ActiveCfg = Release|Any CPU
		{0E90CFEA-7E73-4B57-9218-A43FC4D7B646}.Release|Any CPU.Build.0 = Release|Any CPU
		{417377ED-127A-4DF2-A3E0-235B8F448439}.Debug|Any CPU.ActiveCfg = Debug|Any CPU
		{417377ED-127A-4DF2-A3E0-235B8F448439}.Debug|Any CPU.Build.0 = Debug|Any CPU
		{417377ED-127A-4DF2-A3E0-235B8F448439}.Release|Any CPU.ActiveCfg = Release|Any CPU
		{417377ED-127A-4DF2-A3E0-235B8F448439}.Release|Any CPU.Build.0 = Release|Any CPU
		{E1EB328A-393A-4AF5-91C3-2955F58B58AA}.Debug|Any CPU.ActiveCfg = Debug|Any CPU
		{E1EB328A-393A-4AF5-91C3-2955F58B58AA}.Debug|Any CPU.Build.0 = Debug|Any CPU
		{E1EB328A-393A-4AF5-91C3-2955F58B58AA}.Release|Any CPU.ActiveCfg = Release|Any CPU
		{E1EB328A-393A-4AF5-91C3-2955F58B58AA}.Release|Any CPU.Build.0 = Release|Any CPU
		{3C10E4EB-8B33-4E7D-A35F-0A2C89CC05F2}.Debug|Any CPU.ActiveCfg = Debug|Any CPU
		{3C10E4EB-8B33-4E7D-A35F-0A2C89CC05F2}.Debug|Any CPU.Build.0 = Debug|Any CPU
		{3C10E4EB-8B33-4E7D-A35F-0A2C89CC05F2}.Release|Any CPU.ActiveCfg = Release|Any CPU
		{3C10E4EB-8B33-4E7D-A35F-0A2C89CC05F2}.Release|Any CPU.Build.0 = Release|Any CPU
		{244F188E-6DE6-427E-B55D-EF7BE500F896}.Debug|Any CPU.ActiveCfg = Debug|Any CPU
		{244F188E-6DE6-427E-B55D-EF7BE500F896}.Debug|Any CPU.Build.0 = Debug|Any CPU
		{244F188E-6DE6-427E-B55D-EF7BE500F896}.Release|Any CPU.ActiveCfg = Release|Any CPU
		{244F188E-6DE6-427E-B55D-EF7BE500F896}.Release|Any CPU.Build.0 = Release|Any CPU
		{29DCE742-4E6C-408D-A884-650D497AD09E}.Debug|Any CPU.ActiveCfg = Debug|Any CPU
		{29DCE742-4E6C-408D-A884-650D497AD09E}.Debug|Any CPU.Build.0 = Debug|Any CPU
		{29DCE742-4E6C-408D-A884-650D497AD09E}.Release|Any CPU.ActiveCfg = Release|Any CPU
		{29DCE742-4E6C-408D-A884-650D497AD09E}.Release|Any CPU.Build.0 = Release|Any CPU
		{0D813DF0-02F5-451C-82C9-42DE458D1606}.Debug|Any CPU.ActiveCfg = Debug|Any CPU
		{0D813DF0-02F5-451C-82C9-42DE458D1606}.Debug|Any CPU.Build.0 = Debug|Any CPU
		{0D813DF0-02F5-451C-82C9-42DE458D1606}.Release|Any CPU.ActiveCfg = Release|Any CPU
		{0D813DF0-02F5-451C-82C9-42DE458D1606}.Release|Any CPU.Build.0 = Release|Any CPU
		{FC22A960-3ECF-4AFE-9821-23AB5BB6DDCB}.Debug|Any CPU.ActiveCfg = Debug|Any CPU
		{FC22A960-3ECF-4AFE-9821-23AB5BB6DDCB}.Debug|Any CPU.Build.0 = Debug|Any CPU
		{FC22A960-3ECF-4AFE-9821-23AB5BB6DDCB}.Release|Any CPU.ActiveCfg = Release|Any CPU
		{FC22A960-3ECF-4AFE-9821-23AB5BB6DDCB}.Release|Any CPU.Build.0 = Release|Any CPU
		{F2734E5D-80FF-4358-A42D-733913C06ED6}.Debug|Any CPU.ActiveCfg = Debug|Any CPU
		{F2734E5D-80FF-4358-A42D-733913C06ED6}.Debug|Any CPU.Build.0 = Debug|Any CPU
		{F2734E5D-80FF-4358-A42D-733913C06ED6}.Release|Any CPU.ActiveCfg = Release|Any CPU
		{F2734E5D-80FF-4358-A42D-733913C06ED6}.Release|Any CPU.Build.0 = Release|Any CPU
		{7FF67CB9-4AF3-404E-B7F7-6ABA54A3ED93}.Debug|Any CPU.ActiveCfg = Debug|Any CPU
		{7FF67CB9-4AF3-404E-B7F7-6ABA54A3ED93}.Debug|Any CPU.Build.0 = Debug|Any CPU
		{7FF67CB9-4AF3-404E-B7F7-6ABA54A3ED93}.Release|Any CPU.ActiveCfg = Release|Any CPU
		{7FF67CB9-4AF3-404E-B7F7-6ABA54A3ED93}.Release|Any CPU.Build.0 = Release|Any CPU
		{7E46A8F6-CD48-40BC-9415-9535B1D3FA5D}.Debug|Any CPU.ActiveCfg = Debug|Any CPU
		{7E46A8F6-CD48-40BC-9415-9535B1D3FA5D}.Debug|Any CPU.Build.0 = Debug|Any CPU
		{7E46A8F6-CD48-40BC-9415-9535B1D3FA5D}.Release|Any CPU.ActiveCfg = Release|Any CPU
		{7E46A8F6-CD48-40BC-9415-9535B1D3FA5D}.Release|Any CPU.Build.0 = Release|Any CPU
		{4C107C2D-24F8-4D58-946C-EA6FCBD0364C}.Debug|Any CPU.ActiveCfg = Debug|Any CPU
		{4C107C2D-24F8-4D58-946C-EA6FCBD0364C}.Debug|Any CPU.Build.0 = Debug|Any CPU
		{4C107C2D-24F8-4D58-946C-EA6FCBD0364C}.Release|Any CPU.ActiveCfg = Release|Any CPU
		{4C107C2D-24F8-4D58-946C-EA6FCBD0364C}.Release|Any CPU.Build.0 = Release|Any CPU
		{48141CC7-4DA3-4B12-A820-0D988031FDEC}.Debug|Any CPU.ActiveCfg = Debug|Any CPU
		{48141CC7-4DA3-4B12-A820-0D988031FDEC}.Debug|Any CPU.Build.0 = Debug|Any CPU
		{48141CC7-4DA3-4B12-A820-0D988031FDEC}.Release|Any CPU.ActiveCfg = Release|Any CPU
		{48141CC7-4DA3-4B12-A820-0D988031FDEC}.Release|Any CPU.Build.0 = Release|Any CPU
		{799172C3-A492-4A35-9D8D-27C0D1D3CC2D}.Debug|Any CPU.ActiveCfg = Debug|Any CPU
		{799172C3-A492-4A35-9D8D-27C0D1D3CC2D}.Debug|Any CPU.Build.0 = Debug|Any CPU
		{799172C3-A492-4A35-9D8D-27C0D1D3CC2D}.Release|Any CPU.ActiveCfg = Release|Any CPU
		{799172C3-A492-4A35-9D8D-27C0D1D3CC2D}.Release|Any CPU.Build.0 = Release|Any CPU
		{68919BEB-CCE9-4D2C-8CBD-4F11CFCDF417}.Debug|Any CPU.ActiveCfg = Debug|Any CPU
		{68919BEB-CCE9-4D2C-8CBD-4F11CFCDF417}.Debug|Any CPU.Build.0 = Debug|Any CPU
		{68919BEB-CCE9-4D2C-8CBD-4F11CFCDF417}.Release|Any CPU.ActiveCfg = Release|Any CPU
		{68919BEB-CCE9-4D2C-8CBD-4F11CFCDF417}.Release|Any CPU.Build.0 = Release|Any CPU
		{BA7B53ED-C9EA-49FA-B348-C48204A0103E}.Debug|Any CPU.ActiveCfg = Debug|Any CPU
		{BA7B53ED-C9EA-49FA-B348-C48204A0103E}.Debug|Any CPU.Build.0 = Debug|Any CPU
		{BA7B53ED-C9EA-49FA-B348-C48204A0103E}.Release|Any CPU.ActiveCfg = Release|Any CPU
		{BA7B53ED-C9EA-49FA-B348-C48204A0103E}.Release|Any CPU.Build.0 = Release|Any CPU
		{8FB3214F-3E61-4816-A572-B26E1B198933}.Debug|Any CPU.ActiveCfg = Debug|Any CPU
		{8FB3214F-3E61-4816-A572-B26E1B198933}.Debug|Any CPU.Build.0 = Debug|Any CPU
		{8FB3214F-3E61-4816-A572-B26E1B198933}.Release|Any CPU.ActiveCfg = Release|Any CPU
		{8FB3214F-3E61-4816-A572-B26E1B198933}.Release|Any CPU.Build.0 = Release|Any CPU
		{EBFE3A10-FB59-4863-9B24-C42C940AD0D2}.Debug|Any CPU.ActiveCfg = Debug|Any CPU
		{EBFE3A10-FB59-4863-9B24-C42C940AD0D2}.Debug|Any CPU.Build.0 = Debug|Any CPU
		{EBFE3A10-FB59-4863-9B24-C42C940AD0D2}.Release|Any CPU.ActiveCfg = Release|Any CPU
		{EBFE3A10-FB59-4863-9B24-C42C940AD0D2}.Release|Any CPU.Build.0 = Release|Any CPU
		{5B0EF147-0EDE-4590-A813-74A6A4EFAFAB}.Debug|Any CPU.ActiveCfg = Debug|Any CPU
		{5B0EF147-0EDE-4590-A813-74A6A4EFAFAB}.Debug|Any CPU.Build.0 = Debug|Any CPU
		{5B0EF147-0EDE-4590-A813-74A6A4EFAFAB}.Release|Any CPU.ActiveCfg = Release|Any CPU
		{5B0EF147-0EDE-4590-A813-74A6A4EFAFAB}.Release|Any CPU.Build.0 = Release|Any CPU
		{D99C4959-D873-4749-BA8A-8952C60654E9}.Debug|Any CPU.ActiveCfg = Debug|Any CPU
		{D99C4959-D873-4749-BA8A-8952C60654E9}.Debug|Any CPU.Build.0 = Debug|Any CPU
		{D99C4959-D873-4749-BA8A-8952C60654E9}.Release|Any CPU.ActiveCfg = Release|Any CPU
		{D99C4959-D873-4749-BA8A-8952C60654E9}.Release|Any CPU.Build.0 = Release|Any CPU
		{6AE96965-C5E7-42ED-9330-C66E7B3741D0}.Debug|Any CPU.ActiveCfg = Debug|Any CPU
		{6AE96965-C5E7-42ED-9330-C66E7B3741D0}.Debug|Any CPU.Build.0 = Debug|Any CPU
		{6AE96965-C5E7-42ED-9330-C66E7B3741D0}.Release|Any CPU.ActiveCfg = Release|Any CPU
		{6AE96965-C5E7-42ED-9330-C66E7B3741D0}.Release|Any CPU.Build.0 = Release|Any CPU
		{E575423A-2A70-4CE1-B42E-94F182AA7BC2}.Debug|Any CPU.ActiveCfg = Debug|Any CPU
		{E575423A-2A70-4CE1-B42E-94F182AA7BC2}.Debug|Any CPU.Build.0 = Debug|Any CPU
		{E575423A-2A70-4CE1-B42E-94F182AA7BC2}.Release|Any CPU.ActiveCfg = Release|Any CPU
		{E575423A-2A70-4CE1-B42E-94F182AA7BC2}.Release|Any CPU.Build.0 = Release|Any CPU
		{74CEA45A-FD97-4648-B50A-DB348CBBAA1C}.Debug|Any CPU.ActiveCfg = Debug|Any CPU
		{74CEA45A-FD97-4648-B50A-DB348CBBAA1C}.Debug|Any CPU.Build.0 = Debug|Any CPU
		{74CEA45A-FD97-4648-B50A-DB348CBBAA1C}.Release|Any CPU.ActiveCfg = Release|Any CPU
		{74CEA45A-FD97-4648-B50A-DB348CBBAA1C}.Release|Any CPU.Build.0 = Release|Any CPU
		{F3006043-17A8-4562-B630-C0586B7263C9}.Debug|Any CPU.ActiveCfg = Debug|Any CPU
		{F3006043-17A8-4562-B630-C0586B7263C9}.Debug|Any CPU.Build.0 = Debug|Any CPU
		{F3006043-17A8-4562-B630-C0586B7263C9}.Release|Any CPU.ActiveCfg = Release|Any CPU
		{F3006043-17A8-4562-B630-C0586B7263C9}.Release|Any CPU.Build.0 = Release|Any CPU
		{03257F92-DAE3-460A-9038-E6636CD5024A}.Debug|Any CPU.ActiveCfg = Debug|Any CPU
		{03257F92-DAE3-460A-9038-E6636CD5024A}.Debug|Any CPU.Build.0 = Debug|Any CPU
		{03257F92-DAE3-460A-9038-E6636CD5024A}.Release|Any CPU.ActiveCfg = Release|Any CPU
		{03257F92-DAE3-460A-9038-E6636CD5024A}.Release|Any CPU.Build.0 = Release|Any CPU
		{785EE2F8-511B-46F6-B807-7750C0CDD453}.Debug|Any CPU.ActiveCfg = Debug|Any CPU
		{785EE2F8-511B-46F6-B807-7750C0CDD453}.Debug|Any CPU.Build.0 = Debug|Any CPU
		{785EE2F8-511B-46F6-B807-7750C0CDD453}.Release|Any CPU.ActiveCfg = Release|Any CPU
		{785EE2F8-511B-46F6-B807-7750C0CDD453}.Release|Any CPU.Build.0 = Release|Any CPU
		{26C441BB-C54A-41EF-966A-1529F5565174}.Debug|Any CPU.ActiveCfg = Debug|Any CPU
		{26C441BB-C54A-41EF-966A-1529F5565174}.Debug|Any CPU.Build.0 = Debug|Any CPU
		{26C441BB-C54A-41EF-966A-1529F5565174}.Release|Any CPU.ActiveCfg = Release|Any CPU
		{26C441BB-C54A-41EF-966A-1529F5565174}.Release|Any CPU.Build.0 = Release|Any CPU
		{6927F4FD-56FC-4685-AC8D-8D11DFE51377}.Debug|Any CPU.ActiveCfg = Debug|Any CPU
		{6927F4FD-56FC-4685-AC8D-8D11DFE51377}.Debug|Any CPU.Build.0 = Debug|Any CPU
		{6927F4FD-56FC-4685-AC8D-8D11DFE51377}.Release|Any CPU.ActiveCfg = Release|Any CPU
		{6927F4FD-56FC-4685-AC8D-8D11DFE51377}.Release|Any CPU.Build.0 = Release|Any CPU
		{1E8FCA8C-5869-4929-B9BD-DFB70FAF3CAE}.Debug|Any CPU.ActiveCfg = Debug|Any CPU
		{1E8FCA8C-5869-4929-B9BD-DFB70FAF3CAE}.Debug|Any CPU.Build.0 = Debug|Any CPU
		{1E8FCA8C-5869-4929-B9BD-DFB70FAF3CAE}.Release|Any CPU.ActiveCfg = Release|Any CPU
		{1E8FCA8C-5869-4929-B9BD-DFB70FAF3CAE}.Release|Any CPU.Build.0 = Release|Any CPU
		{F70B3F7D-EFC0-48E4-B863-801457ACD137}.Debug|Any CPU.ActiveCfg = Debug|Any CPU
		{F70B3F7D-EFC0-48E4-B863-801457ACD137}.Debug|Any CPU.Build.0 = Debug|Any CPU
		{F70B3F7D-EFC0-48E4-B863-801457ACD137}.Release|Any CPU.ActiveCfg = Release|Any CPU
		{F70B3F7D-EFC0-48E4-B863-801457ACD137}.Release|Any CPU.Build.0 = Release|Any CPU
		{8040F6BC-06EC-44DA-AE58-93EEA6B2B18D}.Debug|Any CPU.ActiveCfg = Debug|Any CPU
		{8040F6BC-06EC-44DA-AE58-93EEA6B2B18D}.Debug|Any CPU.Build.0 = Debug|Any CPU
		{8040F6BC-06EC-44DA-AE58-93EEA6B2B18D}.Release|Any CPU.ActiveCfg = Release|Any CPU
		{8040F6BC-06EC-44DA-AE58-93EEA6B2B18D}.Release|Any CPU.Build.0 = Release|Any CPU
		{D9D07AF8-E562-4838-9971-C123CAF2127B}.Debug|Any CPU.ActiveCfg = Debug|Any CPU
		{D9D07AF8-E562-4838-9971-C123CAF2127B}.Debug|Any CPU.Build.0 = Debug|Any CPU
		{D9D07AF8-E562-4838-9971-C123CAF2127B}.Release|Any CPU.ActiveCfg = Release|Any CPU
		{D9D07AF8-E562-4838-9971-C123CAF2127B}.Release|Any CPU.Build.0 = Release|Any CPU
		{549688E4-9949-4DE0-8443-5BD7D7F2E9BA}.Debug|Any CPU.ActiveCfg = Debug|Any CPU
		{549688E4-9949-4DE0-8443-5BD7D7F2E9BA}.Debug|Any CPU.Build.0 = Debug|Any CPU
		{549688E4-9949-4DE0-8443-5BD7D7F2E9BA}.Release|Any CPU.ActiveCfg = Release|Any CPU
		{549688E4-9949-4DE0-8443-5BD7D7F2E9BA}.Release|Any CPU.Build.0 = Release|Any CPU
		{F268C57B-A739-48A2-A191-D4DAA889A589}.Debug|Any CPU.ActiveCfg = Debug|Any CPU
		{F268C57B-A739-48A2-A191-D4DAA889A589}.Debug|Any CPU.Build.0 = Debug|Any CPU
		{F268C57B-A739-48A2-A191-D4DAA889A589}.Release|Any CPU.ActiveCfg = Release|Any CPU
		{F268C57B-A739-48A2-A191-D4DAA889A589}.Release|Any CPU.Build.0 = Release|Any CPU
		{17D6ECBD-2CB6-48F4-BF77-C55264910B99}.Debug|Any CPU.ActiveCfg = Debug|Any CPU
		{17D6ECBD-2CB6-48F4-BF77-C55264910B99}.Debug|Any CPU.Build.0 = Debug|Any CPU
		{17D6ECBD-2CB6-48F4-BF77-C55264910B99}.Release|Any CPU.ActiveCfg = Release|Any CPU
		{17D6ECBD-2CB6-48F4-BF77-C55264910B99}.Release|Any CPU.Build.0 = Release|Any CPU
		{601AAD80-8002-4664-8699-1C4F48F7D891}.Debug|Any CPU.ActiveCfg = Debug|Any CPU
		{601AAD80-8002-4664-8699-1C4F48F7D891}.Debug|Any CPU.Build.0 = Debug|Any CPU
		{601AAD80-8002-4664-8699-1C4F48F7D891}.Release|Any CPU.ActiveCfg = Release|Any CPU
		{601AAD80-8002-4664-8699-1C4F48F7D891}.Release|Any CPU.Build.0 = Release|Any CPU
		{66344D0F-C4A5-4BD9-8F43-5AE872C4F93B}.Debug|Any CPU.ActiveCfg = Debug|Any CPU
		{66344D0F-C4A5-4BD9-8F43-5AE872C4F93B}.Debug|Any CPU.Build.0 = Debug|Any CPU
		{66344D0F-C4A5-4BD9-8F43-5AE872C4F93B}.Release|Any CPU.ActiveCfg = Release|Any CPU
		{66344D0F-C4A5-4BD9-8F43-5AE872C4F93B}.Release|Any CPU.Build.0 = Release|Any CPU
		{61F8039A-205E-41FF-B56A-0E940283268F}.Debug|Any CPU.ActiveCfg = Debug|Any CPU
		{61F8039A-205E-41FF-B56A-0E940283268F}.Debug|Any CPU.Build.0 = Debug|Any CPU
		{61F8039A-205E-41FF-B56A-0E940283268F}.Release|Any CPU.ActiveCfg = Release|Any CPU
		{61F8039A-205E-41FF-B56A-0E940283268F}.Release|Any CPU.Build.0 = Release|Any CPU
		{62DBE2BE-1E27-4465-9A80-CFCF6D03D4A6}.Debug|Any CPU.ActiveCfg = Debug|Any CPU
		{62DBE2BE-1E27-4465-9A80-CFCF6D03D4A6}.Debug|Any CPU.Build.0 = Debug|Any CPU
		{62DBE2BE-1E27-4465-9A80-CFCF6D03D4A6}.Release|Any CPU.ActiveCfg = Release|Any CPU
		{62DBE2BE-1E27-4465-9A80-CFCF6D03D4A6}.Release|Any CPU.Build.0 = Release|Any CPU
		{D08F9E77-5AF8-4A2A-9126-C6DCF77658DE}.Debug|Any CPU.ActiveCfg = Debug|Any CPU
		{D08F9E77-5AF8-4A2A-9126-C6DCF77658DE}.Debug|Any CPU.Build.0 = Debug|Any CPU
		{D08F9E77-5AF8-4A2A-9126-C6DCF77658DE}.Release|Any CPU.ActiveCfg = Release|Any CPU
		{D08F9E77-5AF8-4A2A-9126-C6DCF77658DE}.Release|Any CPU.Build.0 = Release|Any CPU
		{2FA9ECCA-ED9F-45C3-9E7A-5FFDD96460F2}.Debug|Any CPU.ActiveCfg = Debug|Any CPU
		{2FA9ECCA-ED9F-45C3-9E7A-5FFDD96460F2}.Debug|Any CPU.Build.0 = Debug|Any CPU
		{2FA9ECCA-ED9F-45C3-9E7A-5FFDD96460F2}.Release|Any CPU.ActiveCfg = Release|Any CPU
		{2FA9ECCA-ED9F-45C3-9E7A-5FFDD96460F2}.Release|Any CPU.Build.0 = Release|Any CPU
		{32741541-502F-4F50-9AD6-CD2D1B0F7190}.Debug|Any CPU.ActiveCfg = Debug|Any CPU
		{32741541-502F-4F50-9AD6-CD2D1B0F7190}.Debug|Any CPU.Build.0 = Debug|Any CPU
		{32741541-502F-4F50-9AD6-CD2D1B0F7190}.Release|Any CPU.ActiveCfg = Release|Any CPU
		{32741541-502F-4F50-9AD6-CD2D1B0F7190}.Release|Any CPU.Build.0 = Release|Any CPU
		{07C08000-0921-45F2-A656-895513256F15}.Debug|Any CPU.ActiveCfg = Debug|Any CPU
		{07C08000-0921-45F2-A656-895513256F15}.Debug|Any CPU.Build.0 = Debug|Any CPU
		{07C08000-0921-45F2-A656-895513256F15}.Release|Any CPU.ActiveCfg = Release|Any CPU
		{07C08000-0921-45F2-A656-895513256F15}.Release|Any CPU.Build.0 = Release|Any CPU
		{002569EB-2B3D-4CAC-BA47-60736187E1B1}.Debug|Any CPU.ActiveCfg = Debug|Any CPU
		{002569EB-2B3D-4CAC-BA47-60736187E1B1}.Debug|Any CPU.Build.0 = Debug|Any CPU
		{002569EB-2B3D-4CAC-BA47-60736187E1B1}.Release|Any CPU.ActiveCfg = Release|Any CPU
		{002569EB-2B3D-4CAC-BA47-60736187E1B1}.Release|Any CPU.Build.0 = Release|Any CPU
		{0948F4C1-0EDF-4B01-B5DC-79AC38B477B2}.Debug|Any CPU.ActiveCfg = Debug|Any CPU
		{0948F4C1-0EDF-4B01-B5DC-79AC38B477B2}.Debug|Any CPU.Build.0 = Debug|Any CPU
		{0948F4C1-0EDF-4B01-B5DC-79AC38B477B2}.Release|Any CPU.ActiveCfg = Release|Any CPU
		{0948F4C1-0EDF-4B01-B5DC-79AC38B477B2}.Release|Any CPU.Build.0 = Release|Any CPU
		{4C4EAF86-33F2-4E24-9037-EEBA067548B6}.Debug|Any CPU.ActiveCfg = Debug|Any CPU
		{4C4EAF86-33F2-4E24-9037-EEBA067548B6}.Debug|Any CPU.Build.0 = Debug|Any CPU
		{4C4EAF86-33F2-4E24-9037-EEBA067548B6}.Release|Any CPU.ActiveCfg = Release|Any CPU
		{4C4EAF86-33F2-4E24-9037-EEBA067548B6}.Release|Any CPU.Build.0 = Release|Any CPU
		{7E2C5A3A-6FA4-4E69-B418-C86FD2763571}.Debug|Any CPU.ActiveCfg = Debug|Any CPU
		{7E2C5A3A-6FA4-4E69-B418-C86FD2763571}.Debug|Any CPU.Build.0 = Debug|Any CPU
		{7E2C5A3A-6FA4-4E69-B418-C86FD2763571}.Release|Any CPU.ActiveCfg = Release|Any CPU
		{7E2C5A3A-6FA4-4E69-B418-C86FD2763571}.Release|Any CPU.Build.0 = Release|Any CPU
		{3471DCDE-CDAF-44A0-AC70-374C0AAFFE9F}.Debug|Any CPU.ActiveCfg = Debug|Any CPU
		{3471DCDE-CDAF-44A0-AC70-374C0AAFFE9F}.Debug|Any CPU.Build.0 = Debug|Any CPU
		{3471DCDE-CDAF-44A0-AC70-374C0AAFFE9F}.Release|Any CPU.ActiveCfg = Release|Any CPU
		{3471DCDE-CDAF-44A0-AC70-374C0AAFFE9F}.Release|Any CPU.Build.0 = Release|Any CPU
		{02E25A78-2C0A-4780-B5E0-8DCFABC2C4D8}.Debug|Any CPU.ActiveCfg = Debug|Any CPU
		{02E25A78-2C0A-4780-B5E0-8DCFABC2C4D8}.Debug|Any CPU.Build.0 = Debug|Any CPU
		{02E25A78-2C0A-4780-B5E0-8DCFABC2C4D8}.Release|Any CPU.ActiveCfg = Release|Any CPU
		{02E25A78-2C0A-4780-B5E0-8DCFABC2C4D8}.Release|Any CPU.Build.0 = Release|Any CPU
		{A39C6A6A-B77D-4374-A345-8D34217C52B1}.Debug|Any CPU.ActiveCfg = Debug|Any CPU
		{A39C6A6A-B77D-4374-A345-8D34217C52B1}.Debug|Any CPU.Build.0 = Debug|Any CPU
		{A39C6A6A-B77D-4374-A345-8D34217C52B1}.Release|Any CPU.ActiveCfg = Release|Any CPU
		{A39C6A6A-B77D-4374-A345-8D34217C52B1}.Release|Any CPU.Build.0 = Release|Any CPU
		{0074CA1F-D48B-4F9A-AB37-EF44B909FADD}.Debug|Any CPU.ActiveCfg = Debug|Any CPU
		{0074CA1F-D48B-4F9A-AB37-EF44B909FADD}.Debug|Any CPU.Build.0 = Debug|Any CPU
		{0074CA1F-D48B-4F9A-AB37-EF44B909FADD}.Release|Any CPU.ActiveCfg = Release|Any CPU
		{0074CA1F-D48B-4F9A-AB37-EF44B909FADD}.Release|Any CPU.Build.0 = Release|Any CPU
		{BB016E02-817E-4C52-B570-E68628F1DC6C}.Debug|Any CPU.ActiveCfg = Debug|Any CPU
		{BB016E02-817E-4C52-B570-E68628F1DC6C}.Debug|Any CPU.Build.0 = Debug|Any CPU
		{BB016E02-817E-4C52-B570-E68628F1DC6C}.Release|Any CPU.ActiveCfg = Release|Any CPU
		{BB016E02-817E-4C52-B570-E68628F1DC6C}.Release|Any CPU.Build.0 = Release|Any CPU
		{E1DA3868-9E29-4F6C-8B29-0FE5728E8EA6}.Debug|Any CPU.ActiveCfg = Debug|Any CPU
		{E1DA3868-9E29-4F6C-8B29-0FE5728E8EA6}.Debug|Any CPU.Build.0 = Debug|Any CPU
		{E1DA3868-9E29-4F6C-8B29-0FE5728E8EA6}.Release|Any CPU.ActiveCfg = Release|Any CPU
		{E1DA3868-9E29-4F6C-8B29-0FE5728E8EA6}.Release|Any CPU.Build.0 = Release|Any CPU
		{A5CDAC86-0D9C-4515-A151-19D01FFFB398}.Debug|Any CPU.ActiveCfg = Debug|Any CPU
		{A5CDAC86-0D9C-4515-A151-19D01FFFB398}.Debug|Any CPU.Build.0 = Debug|Any CPU
		{A5CDAC86-0D9C-4515-A151-19D01FFFB398}.Release|Any CPU.ActiveCfg = Release|Any CPU
		{A5CDAC86-0D9C-4515-A151-19D01FFFB398}.Release|Any CPU.Build.0 = Release|Any CPU
		{6ED7129B-4366-41C9-8EB3-68D4BFC0DFA8}.Debug|Any CPU.ActiveCfg = Debug|Any CPU
		{6ED7129B-4366-41C9-8EB3-68D4BFC0DFA8}.Debug|Any CPU.Build.0 = Debug|Any CPU
		{6ED7129B-4366-41C9-8EB3-68D4BFC0DFA8}.Release|Any CPU.ActiveCfg = Release|Any CPU
		{6ED7129B-4366-41C9-8EB3-68D4BFC0DFA8}.Release|Any CPU.Build.0 = Release|Any CPU
		{A032CCCF-2A25-451A-8D49-0D5AE9CC095F}.Debug|Any CPU.ActiveCfg = Debug|Any CPU
		{A032CCCF-2A25-451A-8D49-0D5AE9CC095F}.Debug|Any CPU.Build.0 = Debug|Any CPU
		{A032CCCF-2A25-451A-8D49-0D5AE9CC095F}.Release|Any CPU.ActiveCfg = Release|Any CPU
		{A032CCCF-2A25-451A-8D49-0D5AE9CC095F}.Release|Any CPU.Build.0 = Release|Any CPU
		{915B35A7-EC11-4406-8E34-564FFC186AD7}.Debug|Any CPU.ActiveCfg = Debug|Any CPU
		{915B35A7-EC11-4406-8E34-564FFC186AD7}.Debug|Any CPU.Build.0 = Debug|Any CPU
		{915B35A7-EC11-4406-8E34-564FFC186AD7}.Release|Any CPU.ActiveCfg = Release|Any CPU
		{915B35A7-EC11-4406-8E34-564FFC186AD7}.Release|Any CPU.Build.0 = Release|Any CPU
		{8803B3C1-27BF-4152-8448-9662DCFFC616}.Debug|Any CPU.ActiveCfg = Debug|Any CPU
		{8803B3C1-27BF-4152-8448-9662DCFFC616}.Debug|Any CPU.Build.0 = Debug|Any CPU
		{8803B3C1-27BF-4152-8448-9662DCFFC616}.Release|Any CPU.ActiveCfg = Release|Any CPU
		{8803B3C1-27BF-4152-8448-9662DCFFC616}.Release|Any CPU.Build.0 = Release|Any CPU
		{1B0324EE-07BF-4ABD-9D24-0ECA4153E092}.Debug|Any CPU.ActiveCfg = Debug|Any CPU
		{1B0324EE-07BF-4ABD-9D24-0ECA4153E092}.Debug|Any CPU.Build.0 = Debug|Any CPU
		{1B0324EE-07BF-4ABD-9D24-0ECA4153E092}.Release|Any CPU.ActiveCfg = Release|Any CPU
		{1B0324EE-07BF-4ABD-9D24-0ECA4153E092}.Release|Any CPU.Build.0 = Release|Any CPU
		{F6FB7F8C-21FB-40E4-A922-49CE12B98DC4}.Debug|Any CPU.ActiveCfg = Debug|Any CPU
		{F6FB7F8C-21FB-40E4-A922-49CE12B98DC4}.Debug|Any CPU.Build.0 = Debug|Any CPU
		{F6FB7F8C-21FB-40E4-A922-49CE12B98DC4}.Release|Any CPU.ActiveCfg = Release|Any CPU
		{F6FB7F8C-21FB-40E4-A922-49CE12B98DC4}.Release|Any CPU.Build.0 = Release|Any CPU
		{F3B580EC-8940-41BA-A9EC-986FB606A909}.Debug|Any CPU.ActiveCfg = Debug|Any CPU
		{F3B580EC-8940-41BA-A9EC-986FB606A909}.Debug|Any CPU.Build.0 = Debug|Any CPU
		{F3B580EC-8940-41BA-A9EC-986FB606A909}.Release|Any CPU.ActiveCfg = Release|Any CPU
		{F3B580EC-8940-41BA-A9EC-986FB606A909}.Release|Any CPU.Build.0 = Release|Any CPU
		{4CAC84F3-CF4D-4A75-9106-4297FF977048}.Debug|Any CPU.ActiveCfg = Debug|Any CPU
		{4CAC84F3-CF4D-4A75-9106-4297FF977048}.Debug|Any CPU.Build.0 = Debug|Any CPU
		{4CAC84F3-CF4D-4A75-9106-4297FF977048}.Release|Any CPU.ActiveCfg = Release|Any CPU
		{4CAC84F3-CF4D-4A75-9106-4297FF977048}.Release|Any CPU.Build.0 = Release|Any CPU
		{2C9BA9E8-8B90-4581-AFCF-7C9159691090}.Debug|Any CPU.ActiveCfg = Debug|Any CPU
		{2C9BA9E8-8B90-4581-AFCF-7C9159691090}.Debug|Any CPU.Build.0 = Debug|Any CPU
		{2C9BA9E8-8B90-4581-AFCF-7C9159691090}.Release|Any CPU.ActiveCfg = Release|Any CPU
		{2C9BA9E8-8B90-4581-AFCF-7C9159691090}.Release|Any CPU.Build.0 = Release|Any CPU
		{209F6CC2-95DF-4396-B7C7-845D87288EDE}.Debug|Any CPU.ActiveCfg = Debug|Any CPU
		{209F6CC2-95DF-4396-B7C7-845D87288EDE}.Debug|Any CPU.Build.0 = Debug|Any CPU
		{209F6CC2-95DF-4396-B7C7-845D87288EDE}.Release|Any CPU.ActiveCfg = Release|Any CPU
		{209F6CC2-95DF-4396-B7C7-845D87288EDE}.Release|Any CPU.Build.0 = Release|Any CPU
		{FF01FB83-7726-4E85-A710-5A01731D4056}.Debug|Any CPU.ActiveCfg = Debug|Any CPU
		{FF01FB83-7726-4E85-A710-5A01731D4056}.Debug|Any CPU.Build.0 = Debug|Any CPU
		{FF01FB83-7726-4E85-A710-5A01731D4056}.Release|Any CPU.ActiveCfg = Release|Any CPU
		{FF01FB83-7726-4E85-A710-5A01731D4056}.Release|Any CPU.Build.0 = Release|Any CPU
		{053D3CBF-FE4D-4096-89FE-8080D6B003A8}.Debug|Any CPU.ActiveCfg = Debug|Any CPU
		{053D3CBF-FE4D-4096-89FE-8080D6B003A8}.Debug|Any CPU.Build.0 = Debug|Any CPU
		{053D3CBF-FE4D-4096-89FE-8080D6B003A8}.Release|Any CPU.ActiveCfg = Release|Any CPU
		{053D3CBF-FE4D-4096-89FE-8080D6B003A8}.Release|Any CPU.Build.0 = Release|Any CPU
		{D5E2EC14-C9D8-4F07-8C4F-C7595AF85BB9}.Debug|Any CPU.ActiveCfg = Debug|Any CPU
		{D5E2EC14-C9D8-4F07-8C4F-C7595AF85BB9}.Debug|Any CPU.Build.0 = Debug|Any CPU
		{D5E2EC14-C9D8-4F07-8C4F-C7595AF85BB9}.Release|Any CPU.ActiveCfg = Release|Any CPU
		{D5E2EC14-C9D8-4F07-8C4F-C7595AF85BB9}.Release|Any CPU.Build.0 = Release|Any CPU
		{4596294D-4058-4A0F-A3A4-87EA8D6AA216}.Debug|Any CPU.ActiveCfg = Debug|Any CPU
		{4596294D-4058-4A0F-A3A4-87EA8D6AA216}.Debug|Any CPU.Build.0 = Debug|Any CPU
		{4596294D-4058-4A0F-A3A4-87EA8D6AA216}.Release|Any CPU.ActiveCfg = Release|Any CPU
		{4596294D-4058-4A0F-A3A4-87EA8D6AA216}.Release|Any CPU.Build.0 = Release|Any CPU
		{6CE326D2-CE6E-4E0A-BA40-475F2400D2B4}.Debug|Any CPU.ActiveCfg = Debug|Any CPU
		{6CE326D2-CE6E-4E0A-BA40-475F2400D2B4}.Debug|Any CPU.Build.0 = Debug|Any CPU
		{6CE326D2-CE6E-4E0A-BA40-475F2400D2B4}.Release|Any CPU.ActiveCfg = Release|Any CPU
		{6CE326D2-CE6E-4E0A-BA40-475F2400D2B4}.Release|Any CPU.Build.0 = Release|Any CPU
		{4C329FE2-B51F-4BF8-AE02-E678F4DE6AA0}.Debug|Any CPU.ActiveCfg = Debug|Any CPU
		{4C329FE2-B51F-4BF8-AE02-E678F4DE6AA0}.Debug|Any CPU.Build.0 = Debug|Any CPU
		{4C329FE2-B51F-4BF8-AE02-E678F4DE6AA0}.Release|Any CPU.ActiveCfg = Release|Any CPU
		{4C329FE2-B51F-4BF8-AE02-E678F4DE6AA0}.Release|Any CPU.Build.0 = Release|Any CPU
		{2764C6A1-E56F-411B-B8C2-F2A09C7B64A2}.Debug|Any CPU.ActiveCfg = Debug|Any CPU
		{2764C6A1-E56F-411B-B8C2-F2A09C7B64A2}.Debug|Any CPU.Build.0 = Debug|Any CPU
		{2764C6A1-E56F-411B-B8C2-F2A09C7B64A2}.Release|Any CPU.ActiveCfg = Release|Any CPU
		{2764C6A1-E56F-411B-B8C2-F2A09C7B64A2}.Release|Any CPU.Build.0 = Release|Any CPU
		{87DD84D5-9040-44CE-9EDE-6C6AFD0BFA41}.Debug|Any CPU.ActiveCfg = Debug|Any CPU
		{87DD84D5-9040-44CE-9EDE-6C6AFD0BFA41}.Debug|Any CPU.Build.0 = Debug|Any CPU
		{87DD84D5-9040-44CE-9EDE-6C6AFD0BFA41}.Release|Any CPU.ActiveCfg = Release|Any CPU
		{87DD84D5-9040-44CE-9EDE-6C6AFD0BFA41}.Release|Any CPU.Build.0 = Release|Any CPU
		{AB0A303E-C031-4486-BFE8-25155710958C}.Debug|Any CPU.ActiveCfg = Debug|Any CPU
		{AB0A303E-C031-4486-BFE8-25155710958C}.Debug|Any CPU.Build.0 = Debug|Any CPU
		{AB0A303E-C031-4486-BFE8-25155710958C}.Release|Any CPU.ActiveCfg = Release|Any CPU
		{AB0A303E-C031-4486-BFE8-25155710958C}.Release|Any CPU.Build.0 = Release|Any CPU
		{1F1331CE-692D-463D-AF34-0A0E9352E1C9}.Debug|Any CPU.ActiveCfg = Debug|Any CPU
		{1F1331CE-692D-463D-AF34-0A0E9352E1C9}.Debug|Any CPU.Build.0 = Debug|Any CPU
		{1F1331CE-692D-463D-AF34-0A0E9352E1C9}.Release|Any CPU.ActiveCfg = Release|Any CPU
		{1F1331CE-692D-463D-AF34-0A0E9352E1C9}.Release|Any CPU.Build.0 = Release|Any CPU
		{C876CC1C-8055-4F60-A134-920DFC6B190A}.Debug|Any CPU.ActiveCfg = Debug|Any CPU
		{C876CC1C-8055-4F60-A134-920DFC6B190A}.Debug|Any CPU.Build.0 = Debug|Any CPU
		{C876CC1C-8055-4F60-A134-920DFC6B190A}.Release|Any CPU.ActiveCfg = Release|Any CPU
		{C876CC1C-8055-4F60-A134-920DFC6B190A}.Release|Any CPU.Build.0 = Release|Any CPU
		{F4FFFE1C-B1A3-4933-8C50-6697A1484F80}.Debug|Any CPU.ActiveCfg = Debug|Any CPU
		{F4FFFE1C-B1A3-4933-8C50-6697A1484F80}.Debug|Any CPU.Build.0 = Debug|Any CPU
		{F4FFFE1C-B1A3-4933-8C50-6697A1484F80}.Release|Any CPU.ActiveCfg = Release|Any CPU
		{F4FFFE1C-B1A3-4933-8C50-6697A1484F80}.Release|Any CPU.Build.0 = Release|Any CPU
		{076F9E70-58E2-494C-83AC-95BE51D3E514}.Debug|Any CPU.ActiveCfg = Debug|Any CPU
		{076F9E70-58E2-494C-83AC-95BE51D3E514}.Debug|Any CPU.Build.0 = Debug|Any CPU
		{076F9E70-58E2-494C-83AC-95BE51D3E514}.Release|Any CPU.ActiveCfg = Release|Any CPU
		{076F9E70-58E2-494C-83AC-95BE51D3E514}.Release|Any CPU.Build.0 = Release|Any CPU
		{190D143E-10AD-44F6-BAB1-580A83311027}.Debug|Any CPU.ActiveCfg = Debug|Any CPU
		{190D143E-10AD-44F6-BAB1-580A83311027}.Debug|Any CPU.Build.0 = Debug|Any CPU
		{190D143E-10AD-44F6-BAB1-580A83311027}.Release|Any CPU.ActiveCfg = Release|Any CPU
		{190D143E-10AD-44F6-BAB1-580A83311027}.Release|Any CPU.Build.0 = Release|Any CPU
		{62D3F7E8-9B12-42E3-A4B6-BCF22DB7A220}.Debug|Any CPU.ActiveCfg = Debug|Any CPU
		{62D3F7E8-9B12-42E3-A4B6-BCF22DB7A220}.Debug|Any CPU.Build.0 = Debug|Any CPU
		{62D3F7E8-9B12-42E3-A4B6-BCF22DB7A220}.Release|Any CPU.ActiveCfg = Release|Any CPU
		{62D3F7E8-9B12-42E3-A4B6-BCF22DB7A220}.Release|Any CPU.Build.0 = Release|Any CPU
		{7E008B41-866D-482A-AB0D-D72C72274F51}.Debug|Any CPU.ActiveCfg = Debug|Any CPU
		{7E008B41-866D-482A-AB0D-D72C72274F51}.Debug|Any CPU.Build.0 = Debug|Any CPU
		{7E008B41-866D-482A-AB0D-D72C72274F51}.Release|Any CPU.ActiveCfg = Release|Any CPU
		{7E008B41-866D-482A-AB0D-D72C72274F51}.Release|Any CPU.Build.0 = Release|Any CPU
		{2ABE559D-2641-4ABD-9980-F573AD02A28D}.Debug|Any CPU.ActiveCfg = Debug|Any CPU
		{2ABE559D-2641-4ABD-9980-F573AD02A28D}.Debug|Any CPU.Build.0 = Debug|Any CPU
		{2ABE559D-2641-4ABD-9980-F573AD02A28D}.Release|Any CPU.ActiveCfg = Release|Any CPU
		{2ABE559D-2641-4ABD-9980-F573AD02A28D}.Release|Any CPU.Build.0 = Release|Any CPU
	EndGlobalSection
	GlobalSection(SolutionProperties) = preSolution
		HideSolutionNode = FALSE
	EndGlobalSection
	GlobalSection(NestedProjects) = preSolution
		{C18C42AE-0EF7-4F20-9EB9-88A2CC91DC37} = {69C0C3EB-7ABB-481E-B23F-2A145B0BDDDB}
		{6239880C-5B1E-47CC-9B65-B163626AC0B3} = {69C0C3EB-7ABB-481E-B23F-2A145B0BDDDB}
		{B4D22DCD-FB2C-4CFD-9D99-BFF79AFF4524} = {69C0C3EB-7ABB-481E-B23F-2A145B0BDDDB}
		{2938E543-8413-4AD8-9A64-05E65C6FBDCE} = {69C0C3EB-7ABB-481E-B23F-2A145B0BDDDB}
		{6C7CF3DC-0AB9-4EBA-8B0F-7D6A060D1008} = {2CF8A30A-A690-4D7A-85A4-0B65C013D309}
		{D90D7F3E-729A-402F-968D-A25F51BFBE5B} = {2CF8A30A-A690-4D7A-85A4-0B65C013D309}
		{392AE5C5-6A0B-4CC0-9C80-4FEDDB893AC3} = {2CF8A30A-A690-4D7A-85A4-0B65C013D309}
		{99BD9DB8-0D8A-4B50-916B-BB6F23539988} = {2CF8A30A-A690-4D7A-85A4-0B65C013D309}
		{28A3AAA0-9715-4E24-AC2C-93F192E7D81B} = {2CF8A30A-A690-4D7A-85A4-0B65C013D309}
		{0E90CFEA-7E73-4B57-9218-A43FC4D7B646} = {2CF8A30A-A690-4D7A-85A4-0B65C013D309}
		{417377ED-127A-4DF2-A3E0-235B8F448439} = {2CF8A30A-A690-4D7A-85A4-0B65C013D309}
		{E1EB328A-393A-4AF5-91C3-2955F58B58AA} = {DC620166-8934-44FD-8BA8-CD0BF92EE7ED}
		{3C10E4EB-8B33-4E7D-A35F-0A2C89CC05F2} = {DC620166-8934-44FD-8BA8-CD0BF92EE7ED}
		{244F188E-6DE6-427E-B55D-EF7BE500F896} = {DC620166-8934-44FD-8BA8-CD0BF92EE7ED}
		{29DCE742-4E6C-408D-A884-650D497AD09E} = {DC620166-8934-44FD-8BA8-CD0BF92EE7ED}
		{0D813DF0-02F5-451C-82C9-42DE458D1606} = {DC620166-8934-44FD-8BA8-CD0BF92EE7ED}
		{FC22A960-3ECF-4AFE-9821-23AB5BB6DDCB} = {DC620166-8934-44FD-8BA8-CD0BF92EE7ED}
		{F2734E5D-80FF-4358-A42D-733913C06ED6} = {DC620166-8934-44FD-8BA8-CD0BF92EE7ED}
		{7FF67CB9-4AF3-404E-B7F7-6ABA54A3ED93} = {DC620166-8934-44FD-8BA8-CD0BF92EE7ED}
		{7E46A8F6-CD48-40BC-9415-9535B1D3FA5D} = {DC620166-8934-44FD-8BA8-CD0BF92EE7ED}
		{4C107C2D-24F8-4D58-946C-EA6FCBD0364C} = {DC620166-8934-44FD-8BA8-CD0BF92EE7ED}
		{48141CC7-4DA3-4B12-A820-0D988031FDEC} = {DC620166-8934-44FD-8BA8-CD0BF92EE7ED}
		{799172C3-A492-4A35-9D8D-27C0D1D3CC2D} = {DC620166-8934-44FD-8BA8-CD0BF92EE7ED}
		{68919BEB-CCE9-4D2C-8CBD-4F11CFCDF417} = {271DE560-6607-464F-B0BB-470E49EADB78}
		{BA7B53ED-C9EA-49FA-B348-C48204A0103E} = {271DE560-6607-464F-B0BB-470E49EADB78}
		{8FB3214F-3E61-4816-A572-B26E1B198933} = {271DE560-6607-464F-B0BB-470E49EADB78}
		{EBFE3A10-FB59-4863-9B24-C42C940AD0D2} = {271DE560-6607-464F-B0BB-470E49EADB78}
		{5B0EF147-0EDE-4590-A813-74A6A4EFAFAB} = {271DE560-6607-464F-B0BB-470E49EADB78}
		{D99C4959-D873-4749-BA8A-8952C60654E9} = {F15D868F-8E87-4C7E-BB83-FDD8401470BD}
		{6AE96965-C5E7-42ED-9330-C66E7B3741D0} = {F15D868F-8E87-4C7E-BB83-FDD8401470BD}
		{E575423A-2A70-4CE1-B42E-94F182AA7BC2} = {F15D868F-8E87-4C7E-BB83-FDD8401470BD}
		{74CEA45A-FD97-4648-B50A-DB348CBBAA1C} = {F15D868F-8E87-4C7E-BB83-FDD8401470BD}
		{F3006043-17A8-4562-B630-C0586B7263C9} = {F15D868F-8E87-4C7E-BB83-FDD8401470BD}
		{03257F92-DAE3-460A-9038-E6636CD5024A} = {F15D868F-8E87-4C7E-BB83-FDD8401470BD}
		{785EE2F8-511B-46F6-B807-7750C0CDD453} = {F15D868F-8E87-4C7E-BB83-FDD8401470BD}
		{26C441BB-C54A-41EF-966A-1529F5565174} = {F15D868F-8E87-4C7E-BB83-FDD8401470BD}
		{6927F4FD-56FC-4685-AC8D-8D11DFE51377} = {F15D868F-8E87-4C7E-BB83-FDD8401470BD}
		{1E8FCA8C-5869-4929-B9BD-DFB70FAF3CAE} = {F15D868F-8E87-4C7E-BB83-FDD8401470BD}
		{F70B3F7D-EFC0-48E4-B863-801457ACD137} = {F15D868F-8E87-4C7E-BB83-FDD8401470BD}
		{8040F6BC-06EC-44DA-AE58-93EEA6B2B18D} = {F15D868F-8E87-4C7E-BB83-FDD8401470BD}
		{D9D07AF8-E562-4838-9971-C123CAF2127B} = {F15D868F-8E87-4C7E-BB83-FDD8401470BD}
		{549688E4-9949-4DE0-8443-5BD7D7F2E9BA} = {F15D868F-8E87-4C7E-BB83-FDD8401470BD}
		{F268C57B-A739-48A2-A191-D4DAA889A589} = {F15D868F-8E87-4C7E-BB83-FDD8401470BD}
		{17D6ECBD-2CB6-48F4-BF77-C55264910B99} = {F15D868F-8E87-4C7E-BB83-FDD8401470BD}
		{601AAD80-8002-4664-8699-1C4F48F7D891} = {F15D868F-8E87-4C7E-BB83-FDD8401470BD}
		{66344D0F-C4A5-4BD9-8F43-5AE872C4F93B} = {DC620166-8934-44FD-8BA8-CD0BF92EE7ED}
		{2C2416D7-A91C-4228-808F-0EB8624CB604} = {F694B277-F12C-4A81-BA3D-6191CD66FB1A}
		{84FD4CDE-0DD3-49A7-B508-CD24383539B6} = {F694B277-F12C-4A81-BA3D-6191CD66FB1A}
		{49AEA828-D8FC-4C4E-AD8E-BBE3F5476F61} = {F694B277-F12C-4A81-BA3D-6191CD66FB1A}
		{80AB4A73-C6D7-4A39-AA77-0764E07E9A52} = {F694B277-F12C-4A81-BA3D-6191CD66FB1A}
		{3A7BE7F8-A0D7-4E45-90DC-8DA393624C7C} = {F694B277-F12C-4A81-BA3D-6191CD66FB1A}
		{CD8ADAA9-FF8C-43E5-BA2F-7FF0CFEB21FE} = {2DB134FF-26CD-42D2-9234-280066F11DFA}
		{BDE99B2C-ED22-46CF-B922-5DDF4E77A11E} = {2DB134FF-26CD-42D2-9234-280066F11DFA}
		{B37AD9A6-7035-4C1F-A355-8AAAA7381FBA} = {2DB134FF-26CD-42D2-9234-280066F11DFA}
		{F5184EC0-8BB6-48FF-894A-820E1A906A4B} = {F694B277-F12C-4A81-BA3D-6191CD66FB1A}
		{61F8039A-205E-41FF-B56A-0E940283268F} = {F5184EC0-8BB6-48FF-894A-820E1A906A4B}
		{62DBE2BE-1E27-4465-9A80-CFCF6D03D4A6} = {F5184EC0-8BB6-48FF-894A-820E1A906A4B}
		{D08F9E77-5AF8-4A2A-9126-C6DCF77658DE} = {F5184EC0-8BB6-48FF-894A-820E1A906A4B}
		{2FA9ECCA-ED9F-45C3-9E7A-5FFDD96460F2} = {49AEA828-D8FC-4C4E-AD8E-BBE3F5476F61}
		{32741541-502F-4F50-9AD6-CD2D1B0F7190} = {49AEA828-D8FC-4C4E-AD8E-BBE3F5476F61}
		{07C08000-0921-45F2-A656-895513256F15} = {49AEA828-D8FC-4C4E-AD8E-BBE3F5476F61}
		{002569EB-2B3D-4CAC-BA47-60736187E1B1} = {49AEA828-D8FC-4C4E-AD8E-BBE3F5476F61}
		{0948F4C1-0EDF-4B01-B5DC-79AC38B477B2} = {80AB4A73-C6D7-4A39-AA77-0764E07E9A52}
		{4C4EAF86-33F2-4E24-9037-EEBA067548B6} = {80AB4A73-C6D7-4A39-AA77-0764E07E9A52}
		{7E2C5A3A-6FA4-4E69-B418-C86FD2763571} = {80AB4A73-C6D7-4A39-AA77-0764E07E9A52}
		{3471DCDE-CDAF-44A0-AC70-374C0AAFFE9F} = {3A7BE7F8-A0D7-4E45-90DC-8DA393624C7C}
		{02E25A78-2C0A-4780-B5E0-8DCFABC2C4D8} = {3A7BE7F8-A0D7-4E45-90DC-8DA393624C7C}
		{A39C6A6A-B77D-4374-A345-8D34217C52B1} = {3A7BE7F8-A0D7-4E45-90DC-8DA393624C7C}
		{0074CA1F-D48B-4F9A-AB37-EF44B909FADD} = {3A7BE7F8-A0D7-4E45-90DC-8DA393624C7C}
		{BB016E02-817E-4C52-B570-E68628F1DC6C} = {3A7BE7F8-A0D7-4E45-90DC-8DA393624C7C}
		{E1DA3868-9E29-4F6C-8B29-0FE5728E8EA6} = {84FD4CDE-0DD3-49A7-B508-CD24383539B6}
		{A5CDAC86-0D9C-4515-A151-19D01FFFB398} = {84FD4CDE-0DD3-49A7-B508-CD24383539B6}
		{6ED7129B-4366-41C9-8EB3-68D4BFC0DFA8} = {84FD4CDE-0DD3-49A7-B508-CD24383539B6}
		{A032CCCF-2A25-451A-8D49-0D5AE9CC095F} = {84FD4CDE-0DD3-49A7-B508-CD24383539B6}
		{915B35A7-EC11-4406-8E34-564FFC186AD7} = {84FD4CDE-0DD3-49A7-B508-CD24383539B6}
		{8803B3C1-27BF-4152-8448-9662DCFFC616} = {84FD4CDE-0DD3-49A7-B508-CD24383539B6}
		{1B0324EE-07BF-4ABD-9D24-0ECA4153E092} = {84FD4CDE-0DD3-49A7-B508-CD24383539B6}
		{F6FB7F8C-21FB-40E4-A922-49CE12B98DC4} = {84FD4CDE-0DD3-49A7-B508-CD24383539B6}
		{F3B580EC-8940-41BA-A9EC-986FB606A909} = {84FD4CDE-0DD3-49A7-B508-CD24383539B6}
		{1536AC11-C87F-48FE-AC78-DD373ED6E8A1} = {F694B277-F12C-4A81-BA3D-6191CD66FB1A}
		{4CAC84F3-CF4D-4A75-9106-4297FF977048} = {1536AC11-C87F-48FE-AC78-DD373ED6E8A1}
		{2C9BA9E8-8B90-4581-AFCF-7C9159691090} = {1536AC11-C87F-48FE-AC78-DD373ED6E8A1}
		{209F6CC2-95DF-4396-B7C7-845D87288EDE} = {1536AC11-C87F-48FE-AC78-DD373ED6E8A1}
		{FF01FB83-7726-4E85-A710-5A01731D4056} = {1536AC11-C87F-48FE-AC78-DD373ED6E8A1}
		{053D3CBF-FE4D-4096-89FE-8080D6B003A8} = {2C2416D7-A91C-4228-808F-0EB8624CB604}
		{D5E2EC14-C9D8-4F07-8C4F-C7595AF85BB9} = {2C2416D7-A91C-4228-808F-0EB8624CB604}
		{4596294D-4058-4A0F-A3A4-87EA8D6AA216} = {2C2416D7-A91C-4228-808F-0EB8624CB604}
		{6CE326D2-CE6E-4E0A-BA40-475F2400D2B4} = {2C2416D7-A91C-4228-808F-0EB8624CB604}
		{4C329FE2-B51F-4BF8-AE02-E678F4DE6AA0} = {2C2416D7-A91C-4228-808F-0EB8624CB604}
		{2764C6A1-E56F-411B-B8C2-F2A09C7B64A2} = {2C2416D7-A91C-4228-808F-0EB8624CB604}
		{87DD84D5-9040-44CE-9EDE-6C6AFD0BFA41} = {2C2416D7-A91C-4228-808F-0EB8624CB604}
		{AB0A303E-C031-4486-BFE8-25155710958C} = {2C2416D7-A91C-4228-808F-0EB8624CB604}
		{1F1331CE-692D-463D-AF34-0A0E9352E1C9} = {2C2416D7-A91C-4228-808F-0EB8624CB604}
		{C876CC1C-8055-4F60-A134-920DFC6B190A} = {2C2416D7-A91C-4228-808F-0EB8624CB604}
		{F4FFFE1C-B1A3-4933-8C50-6697A1484F80} = {2C2416D7-A91C-4228-808F-0EB8624CB604}
		{076F9E70-58E2-494C-83AC-95BE51D3E514} = {52DECCFD-69E2-4437-B6BB-0643BD2D18D3}
		{190D143E-10AD-44F6-BAB1-580A83311027} = {52DECCFD-69E2-4437-B6BB-0643BD2D18D3}
		{62D3F7E8-9B12-42E3-A4B6-BCF22DB7A220} = {52DECCFD-69E2-4437-B6BB-0643BD2D18D3}
		{7E008B41-866D-482A-AB0D-D72C72274F51} = {52DECCFD-69E2-4437-B6BB-0643BD2D18D3}
		{2ABE559D-2641-4ABD-9980-F573AD02A28D} = {52DECCFD-69E2-4437-B6BB-0643BD2D18D3}
	EndGlobalSection
	GlobalSection(ExtensibilityGlobals) = postSolution
		SolutionGuid = {CF390375-44E9-4CCB-8793-0D590B98E222}
	EndGlobalSection
EndGlobal
